// !$*UTF8*$!
{
	archiveVersion = 1;
	classes = {
	};
	objectVersion = 46;
	objects = {

/* Begin PBXBuildFile section */
		63D39BFF1D291AC1D30484EA /* Pods_CorkWeather.framework in Frameworks */ = {isa = PBXBuildFile; fileRef = 1F8231FF6F923F40633B3C9C /* Pods_CorkWeather.framework */; };
		D708662C21E8A6180000E477 /* GMSReverseGeocoder.swift in Sources */ = {isa = PBXBuildFile; fileRef = D708662B21E8A6180000E477 /* GMSReverseGeocoder.swift */; };
		D708662E21E8A62A0000E477 /* MainViewModel.swift in Sources */ = {isa = PBXBuildFile; fileRef = D708662D21E8A62A0000E477 /* MainViewModel.swift */; };
		D708663921E8BAEF0000E477 /* OnboardingView.swift in Sources */ = {isa = PBXBuildFile; fileRef = D708663821E8BAEF0000E477 /* OnboardingView.swift */; };
		D708663B21E8BB150000E477 /* MainCoordinator+Maps.swift in Sources */ = {isa = PBXBuildFile; fileRef = D708663A21E8BB150000E477 /* MainCoordinator+Maps.swift */; };
		D708663D21E8BB240000E477 /* WeatherCoordinate+Distance.swift in Sources */ = {isa = PBXBuildFile; fileRef = D708663C21E8BB240000E477 /* WeatherCoordinate+Distance.swift */; };
		D708664121E8C2930000E477 /* ReverseGeocoderProvider.swift in Sources */ = {isa = PBXBuildFile; fileRef = D708664021E8C2930000E477 /* ReverseGeocoderProvider.swift */; };
		D708664321E8C9880000E477 /* WeatherListCell+Weather.swift in Sources */ = {isa = PBXBuildFile; fileRef = D708664221E8C9880000E477 /* WeatherListCell+Weather.swift */; };
		D708664521E8CAEE0000E477 /* Int+Weather.swift in Sources */ = {isa = PBXBuildFile; fileRef = D708664421E8CAEE0000E477 /* Int+Weather.swift */; };
		D7126B4021ECD9E7007B32D3 /* GMSPlacePickerConfig+Coords.swift in Sources */ = {isa = PBXBuildFile; fileRef = D7126B3F21ECD9E7007B32D3 /* GMSPlacePickerConfig+Coords.swift */; };
		D7126B5321ECF6D5007B32D3 /* WeatherCellViewModel.swift in Sources */ = {isa = PBXBuildFile; fileRef = D7126B5221ECF6D5007B32D3 /* WeatherCellViewModel.swift */; };
		D7126B5B21ECFE42007B32D3 /* MainViewModelTests.swift in Sources */ = {isa = PBXBuildFile; fileRef = D7126B5A21ECFE42007B32D3 /* MainViewModelTests.swift */; };
		D7126B6321ECFFA3007B32D3 /* DatabaseMock.swift in Sources */ = {isa = PBXBuildFile; fileRef = D7126B6221ECFFA3007B32D3 /* DatabaseMock.swift */; };
		D7126B6721ED011D007B32D3 /* ReverseGeocoderMock.swift in Sources */ = {isa = PBXBuildFile; fileRef = D7126B6621ED011D007B32D3 /* ReverseGeocoderMock.swift */; };
		D7126B6B21ED017A007B32D3 /* WeatherFetcherMock.swift in Sources */ = {isa = PBXBuildFile; fileRef = D7126B6A21ED017A007B32D3 /* WeatherFetcherMock.swift */; };
		D7126B6D21ED2E00007B32D3 /* ExtensionTests.swift in Sources */ = {isa = PBXBuildFile; fileRef = D7126B6C21ED2E00007B32D3 /* ExtensionTests.swift */; };
		D7126B7721EDE6FF007B32D3 /* LocalisedLabel.swift in Sources */ = {isa = PBXBuildFile; fileRef = D7126B7321EDE6FE007B32D3 /* LocalisedLabel.swift */; };
		D7126B7821EDE6FF007B32D3 /* LanguageSelectorView.swift in Sources */ = {isa = PBXBuildFile; fileRef = D7126B7421EDE6FF007B32D3 /* LanguageSelectorView.swift */; };
		D7126B7921EDE6FF007B32D3 /* LocalisedButton.swift in Sources */ = {isa = PBXBuildFile; fileRef = D7126B7521EDE6FF007B32D3 /* LocalisedButton.swift */; };
		D7126B7A21EDE6FF007B32D3 /* LocalisedBarButtonItem.swift in Sources */ = {isa = PBXBuildFile; fileRef = D7126B7621EDE6FF007B32D3 /* LocalisedBarButtonItem.swift */; };
		D7126B7C21EDEF4C007B32D3 /* FatalErrorUtil.swift in Sources */ = {isa = PBXBuildFile; fileRef = D7126B7B21EDEF4C007B32D3 /* FatalErrorUtil.swift */; };
		D7126B7E21EDEF8A007B32D3 /* XCTestCase+FatalError.swift in Sources */ = {isa = PBXBuildFile; fileRef = D7126B7D21EDEF8A007B32D3 /* XCTestCase+FatalError.swift */; };
		D7126B8021EDF1C3007B32D3 /* AppConfigTests.swift in Sources */ = {isa = PBXBuildFile; fileRef = D7126B7F21EDF1C3007B32D3 /* AppConfigTests.swift */; };
		D7126B8321EDF357007B32D3 /* WeatherCoordinateTests.swift in Sources */ = {isa = PBXBuildFile; fileRef = D7126B8121EDF34F007B32D3 /* WeatherCoordinateTests.swift */; };
		D7126B8521EDF3FC007B32D3 /* WeatherTests.swift in Sources */ = {isa = PBXBuildFile; fileRef = D7126B8421EDF3FC007B32D3 /* WeatherTests.swift */; };
		D7126B8721EDFBFB007B32D3 /* WeatherCellViewModelTests.swift in Sources */ = {isa = PBXBuildFile; fileRef = D7126B8621EDFBFB007B32D3 /* WeatherCellViewModelTests.swift */; };
		D7126B8921EDFC1D007B32D3 /* TestUtils.swift in Sources */ = {isa = PBXBuildFile; fileRef = D7126B8821EDFC1D007B32D3 /* TestUtils.swift */; };
		D7126B8D21EE0022007B32D3 /* WeatherParserTests.swift in Sources */ = {isa = PBXBuildFile; fileRef = D7126B8C21EE0022007B32D3 /* WeatherParserTests.swift */; };
		D7126BA621EE17AB007B32D3 /* Proteus_Core.framework in Frameworks */ = {isa = PBXBuildFile; fileRef = D7126B9421EE1738007B32D3 /* Proteus_Core.framework */; };
		D7126BA721EE17AE007B32D3 /* Proteus_UI.framework in Frameworks */ = {isa = PBXBuildFile; fileRef = D7126B9F21EE174F007B32D3 /* Proteus_UI.framework */; };
		D71BD25321C3A5870093B258 /* AppConfig.swift in Sources */ = {isa = PBXBuildFile; fileRef = D71BD25221C3A5870093B258 /* AppConfig.swift */; };
		D71F93A51F9546300063282D /* README.md in Resources */ = {isa = PBXBuildFile; fileRef = D71F93A41F9546300063282D /* README.md */; };
		D71F93A71F9547EF0063282D /* SafariServices.framework in Frameworks */ = {isa = PBXBuildFile; fileRef = D71F93A61F9547EF0063282D /* SafariServices.framework */; };
		D751C9761F8569140028B890 /* Weather+Equatable.swift in Sources */ = {isa = PBXBuildFile; fileRef = D751C9751F8569140028B890 /* Weather+Equatable.swift */; };
		D79E826421E7FB2E00DAC211 /* MainCoordinator.swift in Sources */ = {isa = PBXBuildFile; fileRef = D79E826321E7FB2E00DAC211 /* MainCoordinator.swift */; };
		D79F485A1F58A5F700E1CB12 /* Database.swift in Sources */ = {isa = PBXBuildFile; fileRef = D79F48591F58A5F700E1CB12 /* Database.swift */; };
		D79F485C1F58A84C00E1CB12 /* DatabaseFirebase.swift in Sources */ = {isa = PBXBuildFile; fileRef = D79F485B1F58A84C00E1CB12 /* DatabaseFirebase.swift */; };
		D79F485E1F58B30300E1CB12 /* GoogleService-Info.plist in Resources */ = {isa = PBXBuildFile; fileRef = D79F485D1F58B30300E1CB12 /* GoogleService-Info.plist */; };
		D7AEA79C1F5F3B86001CE3E4 /* WeatherCoordinate.swift in Sources */ = {isa = PBXBuildFile; fileRef = D7AEA79B1F5F3B86001CE3E4 /* WeatherCoordinate.swift */; };
		D7C23E3E1F85750E005A3DCB /* Date+Displayable.swift in Sources */ = {isa = PBXBuildFile; fileRef = D7C23E3D1F85750E005A3DCB /* Date+Displayable.swift */; };
		D7D1BD2C1F799E0600F1AD6D /* MainViewController+Alerts.swift in Sources */ = {isa = PBXBuildFile; fileRef = D7D1BD2B1F799E0600F1AD6D /* MainViewController+Alerts.swift */; };
		D7D1BD2E1F799E2D00F1AD6D /* MainAlertProtocol.swift in Sources */ = {isa = PBXBuildFile; fileRef = D7D1BD2D1F799E2D00F1AD6D /* MainAlertProtocol.swift */; };
		D7D1BE2E1F7AF0DD00F1AD6D /* DatabaseError.swift in Sources */ = {isa = PBXBuildFile; fileRef = D7D1BE2D1F7AF0DD00F1AD6D /* DatabaseError.swift */; };
		D7D1BE331F7AFCD600F1AD6D /* GMSAddress+String.swift in Sources */ = {isa = PBXBuildFile; fileRef = D7D1BE321F7AFCD600F1AD6D /* GMSAddress+String.swift */; };
		D7DF656B1F5F4990008109C7 /* InitialiseLoadError.swift in Sources */ = {isa = PBXBuildFile; fileRef = D7DF656A1F5F4990008109C7 /* InitialiseLoadError.swift */; };
		D7DF656F1F5F49CD008109C7 /* PickError.swift in Sources */ = {isa = PBXBuildFile; fileRef = D7DF656D1F5F49CD008109C7 /* PickError.swift */; };
		D7DF65721F5F4A20008109C7 /* WeatherLoadError.swift in Sources */ = {isa = PBXBuildFile; fileRef = D7DF65711F5F4A20008109C7 /* WeatherLoadError.swift */; };
		D7E0F10A1FAA828A00C90A72 /* AnalyticsProtocol.swift in Sources */ = {isa = PBXBuildFile; fileRef = D7E0F1091FAA828A00C90A72 /* AnalyticsProtocol.swift */; };
		D7E0F10C1FAA82EE00C90A72 /* AnalyticsFirebase.swift in Sources */ = {isa = PBXBuildFile; fileRef = D7E0F10B1FAA82EE00C90A72 /* AnalyticsFirebase.swift */; };
		D7E0F10E1FAA839000C90A72 /* AnalyticsFactory.swift in Sources */ = {isa = PBXBuildFile; fileRef = D7E0F10D1FAA839000C90A72 /* AnalyticsFactory.swift */; };
		D7E0F1101FAA849D00C90A72 /* AnalyticsEvents.swift in Sources */ = {isa = PBXBuildFile; fileRef = D7E0F10F1FAA849D00C90A72 /* AnalyticsEvents.swift */; };
		D7E39C411F33B13400D006AE /* Main.storyboard in Resources */ = {isa = PBXBuildFile; fileRef = D7E39C3F1F33B13400D006AE /* Main.storyboard */; };
		D7E39C431F33B13400D006AE /* Assets.xcassets in Resources */ = {isa = PBXBuildFile; fileRef = D7E39C421F33B13400D006AE /* Assets.xcassets */; };
		D7E39C461F33B13400D006AE /* LaunchScreen.storyboard in Resources */ = {isa = PBXBuildFile; fileRef = D7E39C441F33B13400D006AE /* LaunchScreen.storyboard */; };
		D7E39C571F33B2DD00D006AE /* AppDelegate.swift in Sources */ = {isa = PBXBuildFile; fileRef = D7E39C541F33B2DD00D006AE /* AppDelegate.swift */; };
		D7E39C5C1F33B2EA00D006AE /* CorkResponse.json in Resources */ = {isa = PBXBuildFile; fileRef = D7E39C5B1F33B2EA00D006AE /* CorkResponse.json */; };
		D7E39C621F33B3A400D006AE /* Weather.swift in Sources */ = {isa = PBXBuildFile; fileRef = D7E39C611F33B3A400D006AE /* Weather.swift */; };
		D7E39C711F33BB5F00D006AE /* WeatherFetcher.swift in Sources */ = {isa = PBXBuildFile; fileRef = D7E39C6B1F33BB5F00D006AE /* WeatherFetcher.swift */; };
		D7E39C721F33BB5F00D006AE /* WeatherFetcherProtocol.swift in Sources */ = {isa = PBXBuildFile; fileRef = D7E39C6C1F33BB5F00D006AE /* WeatherFetcherProtocol.swift */; };
		D7E39C731F33BB5F00D006AE /* WeatherLocalFetcher.swift in Sources */ = {isa = PBXBuildFile; fileRef = D7E39C6D1F33BB5F00D006AE /* WeatherLocalFetcher.swift */; };
		D7E39C741F33BB5F00D006AE /* WeatherRemoteFetcher.swift in Sources */ = {isa = PBXBuildFile; fileRef = D7E39C6E1F33BB5F00D006AE /* WeatherRemoteFetcher.swift */; };
		D7E39C751F33BB5F00D006AE /* MainViewController.swift in Sources */ = {isa = PBXBuildFile; fileRef = D7E39C701F33BB5F00D006AE /* MainViewController.swift */; };
		D7E39C7E1F33C29900D006AE /* WeatherJsonParser.swift in Sources */ = {isa = PBXBuildFile; fileRef = D7E39C7D1F33C29900D006AE /* WeatherJsonParser.swift */; };
		D7E39C8C1F33D06600D006AE /* Localizable.strings in Resources */ = {isa = PBXBuildFile; fileRef = D7E39C8E1F33D06600D006AE /* Localizable.strings */; };
		D7E39C901F34AF0A00D006AE /* WeatherUnits.swift in Sources */ = {isa = PBXBuildFile; fileRef = D7E39C8F1F34AF0A00D006AE /* WeatherUnits.swift */; };
		D7E979591F8EB9CA0049E2A6 /* InfoViewController.swift in Sources */ = {isa = PBXBuildFile; fileRef = D7E979581F8EB9CA0049E2A6 /* InfoViewController.swift */; };
		D7E9795F1F8EC43B0049E2A6 /* MessageUI.framework in Frameworks */ = {isa = PBXBuildFile; fileRef = D7E9795E1F8EC43B0049E2A6 /* MessageUI.framework */; };
		D7EACFBD1F3BB023008C9BDE /* WeatherListCell.swift in Sources */ = {isa = PBXBuildFile; fileRef = D7EACFBC1F3BB023008C9BDE /* WeatherListCell.swift */; };
		D7EACFC11F3C4A46008C9BDE /* MainViewController+GooglePlaces.swift in Sources */ = {isa = PBXBuildFile; fileRef = D7EACFC01F3C4A46008C9BDE /* MainViewController+GooglePlaces.swift */; };
		D7EACFC31F3C4AA5008C9BDE /* MapsProtocol.swift in Sources */ = {isa = PBXBuildFile; fileRef = D7EACFC21F3C4AA5008C9BDE /* MapsProtocol.swift */; };
		D7EACFFF1F3D02EF008C9BDE /* WeatherLocation.swift in Sources */ = {isa = PBXBuildFile; fileRef = D7EACFFE1F3D02EF008C9BDE /* WeatherLocation.swift */; };
		DA211781DAEE7F199DBB4D67 /* Pods_CorkWeatherTests.framework in Frameworks */ = {isa = PBXBuildFile; fileRef = D9699EDAEDA3A833A29E0266 /* Pods_CorkWeatherTests.framework */; };
/* End PBXBuildFile section */

/* Begin PBXContainerItemProxy section */
		D7126B5D21ECFE42007B32D3 /* PBXContainerItemProxy */ = {
			isa = PBXContainerItemProxy;
			containerPortal = D7E39C301F33B13400D006AE /* Project object */;
			proxyType = 1;
			remoteGlobalIDString = D7E39C371F33B13400D006AE;
			remoteInfo = CorkWeather;
		};
		D7126B9321EE1738007B32D3 /* PBXContainerItemProxy */ = {
			isa = PBXContainerItemProxy;
			containerPortal = D7126B8E21EE1738007B32D3 /* Proteus-Core.xcodeproj */;
			proxyType = 2;
			remoteGlobalIDString = D79E81FA21E7F70E00DAC211;
			remoteInfo = "Proteus-Core";
		};
		D7126B9521EE1738007B32D3 /* PBXContainerItemProxy */ = {
			isa = PBXContainerItemProxy;
			containerPortal = D7126B8E21EE1738007B32D3 /* Proteus-Core.xcodeproj */;
			proxyType = 2;
			remoteGlobalIDString = D79E820321E7F70E00DAC211;
			remoteInfo = "Proteus-CoreTests";
		};
		D7126B9E21EE174F007B32D3 /* PBXContainerItemProxy */ = {
			isa = PBXContainerItemProxy;
			containerPortal = D7126B9921EE174E007B32D3 /* Proteus-UI.xcodeproj */;
			proxyType = 2;
			remoteGlobalIDString = D79E821E21E7F71B00DAC211;
			remoteInfo = "Proteus-UI";
		};
		D7126BA021EE174F007B32D3 /* PBXContainerItemProxy */ = {
			isa = PBXContainerItemProxy;
			containerPortal = D7126B9921EE174E007B32D3 /* Proteus-UI.xcodeproj */;
			proxyType = 2;
			remoteGlobalIDString = D79E822721E7F71B00DAC211;
			remoteInfo = "Proteus-UITests";
		};
		D7126BA221EE176A007B32D3 /* PBXContainerItemProxy */ = {
			isa = PBXContainerItemProxy;
			containerPortal = D7126B9921EE174E007B32D3 /* Proteus-UI.xcodeproj */;
			proxyType = 1;
			remoteGlobalIDString = D79E821D21E7F71B00DAC211;
			remoteInfo = "Proteus-UI";
		};
		D7126BA421EE176D007B32D3 /* PBXContainerItemProxy */ = {
			isa = PBXContainerItemProxy;
			containerPortal = D7126B8E21EE1738007B32D3 /* Proteus-Core.xcodeproj */;
			proxyType = 1;
			remoteGlobalIDString = D79E81F921E7F70E00DAC211;
			remoteInfo = "Proteus-Core";
		};
/* End PBXContainerItemProxy section */

/* Begin PBXCopyFilesBuildPhase section */
		D709ABCF1F65CAD700CD546B /* Embed Frameworks */ = {
			isa = PBXCopyFilesBuildPhase;
			buildActionMask = 2147483647;
			dstPath = "";
			dstSubfolderSpec = 10;
			files = (
			);
			name = "Embed Frameworks";
			runOnlyForDeploymentPostprocessing = 0;
		};
/* End PBXCopyFilesBuildPhase section */

/* Begin PBXFileReference section */
		1F8231FF6F923F40633B3C9C /* Pods_CorkWeather.framework */ = {isa = PBXFileReference; explicitFileType = wrapper.framework; includeInIndex = 0; path = Pods_CorkWeather.framework; sourceTree = BUILT_PRODUCTS_DIR; };
		4D8B1DBD48C049D034F3E779 /* Pods-CorkWeatherTests.release.xcconfig */ = {isa = PBXFileReference; includeInIndex = 1; lastKnownFileType = text.xcconfig; name = "Pods-CorkWeatherTests.release.xcconfig"; path = "Pods/Target Support Files/Pods-CorkWeatherTests/Pods-CorkWeatherTests.release.xcconfig"; sourceTree = "<group>"; };
		9B56203EBBE4934156980023 /* Pods-CorkWeather.debug.xcconfig */ = {isa = PBXFileReference; includeInIndex = 1; lastKnownFileType = text.xcconfig; name = "Pods-CorkWeather.debug.xcconfig"; path = "Pods/Target Support Files/Pods-CorkWeather/Pods-CorkWeather.debug.xcconfig"; sourceTree = "<group>"; };
		D708662B21E8A6180000E477 /* GMSReverseGeocoder.swift */ = {isa = PBXFileReference; lastKnownFileType = sourcecode.swift; name = GMSReverseGeocoder.swift; path = ViewModels/GMSReverseGeocoder.swift; sourceTree = "<group>"; };
		D708662D21E8A62A0000E477 /* MainViewModel.swift */ = {isa = PBXFileReference; fileEncoding = 4; lastKnownFileType = sourcecode.swift; name = MainViewModel.swift; path = ViewModels/MainViewModel.swift; sourceTree = "<group>"; };
		D708663821E8BAEF0000E477 /* OnboardingView.swift */ = {isa = PBXFileReference; lastKnownFileType = sourcecode.swift; name = OnboardingView.swift; path = Views/OnboardingView.swift; sourceTree = "<group>"; };
		D708663A21E8BB150000E477 /* MainCoordinator+Maps.swift */ = {isa = PBXFileReference; fileEncoding = 4; lastKnownFileType = sourcecode.swift; name = "MainCoordinator+Maps.swift"; path = "Coordinators/MainCoordinator+Maps.swift"; sourceTree = "<group>"; };
		D708663C21E8BB240000E477 /* WeatherCoordinate+Distance.swift */ = {isa = PBXFileReference; fileEncoding = 4; lastKnownFileType = sourcecode.swift; name = "WeatherCoordinate+Distance.swift"; path = "Extensions/WeatherCoordinate+Distance.swift"; sourceTree = "<group>"; };
		D708664021E8C2930000E477 /* ReverseGeocoderProvider.swift */ = {isa = PBXFileReference; lastKnownFileType = sourcecode.swift; name = ReverseGeocoderProvider.swift; path = ViewModels/ReverseGeocoderProvider.swift; sourceTree = "<group>"; };
		D708664221E8C9880000E477 /* WeatherListCell+Weather.swift */ = {isa = PBXFileReference; lastKnownFileType = sourcecode.swift; path = "WeatherListCell+Weather.swift"; sourceTree = "<group>"; };
		D708664421E8CAEE0000E477 /* Int+Weather.swift */ = {isa = PBXFileReference; lastKnownFileType = sourcecode.swift; name = "Int+Weather.swift"; path = "Extensions/Int+Weather.swift"; sourceTree = "<group>"; };
		D7126B2E21ECA32E007B32D3 /* .swiftlint.yml */ = {isa = PBXFileReference; fileEncoding = 4; lastKnownFileType = text; path = .swiftlint.yml; sourceTree = SOURCE_ROOT; };
		D7126B3F21ECD9E7007B32D3 /* GMSPlacePickerConfig+Coords.swift */ = {isa = PBXFileReference; lastKnownFileType = sourcecode.swift; name = "GMSPlacePickerConfig+Coords.swift"; path = "Extensions/GMSPlacePickerConfig+Coords.swift"; sourceTree = "<group>"; };
		D7126B5221ECF6D5007B32D3 /* WeatherCellViewModel.swift */ = {isa = PBXFileReference; fileEncoding = 4; lastKnownFileType = sourcecode.swift; name = WeatherCellViewModel.swift; path = ViewModels/WeatherCellViewModel.swift; sourceTree = "<group>"; };
		D7126B5821ECFE42007B32D3 /* CorkWeatherTests.xctest */ = {isa = PBXFileReference; explicitFileType = wrapper.cfbundle; includeInIndex = 0; path = CorkWeatherTests.xctest; sourceTree = BUILT_PRODUCTS_DIR; };
		D7126B5A21ECFE42007B32D3 /* MainViewModelTests.swift */ = {isa = PBXFileReference; lastKnownFileType = sourcecode.swift; path = MainViewModelTests.swift; sourceTree = "<group>"; };
		D7126B5C21ECFE42007B32D3 /* Info.plist */ = {isa = PBXFileReference; lastKnownFileType = text.plist.xml; path = Info.plist; sourceTree = "<group>"; };
		D7126B6221ECFFA3007B32D3 /* DatabaseMock.swift */ = {isa = PBXFileReference; lastKnownFileType = sourcecode.swift; path = DatabaseMock.swift; sourceTree = "<group>"; };
		D7126B6621ED011D007B32D3 /* ReverseGeocoderMock.swift */ = {isa = PBXFileReference; lastKnownFileType = sourcecode.swift; path = ReverseGeocoderMock.swift; sourceTree = "<group>"; };
		D7126B6A21ED017A007B32D3 /* WeatherFetcherMock.swift */ = {isa = PBXFileReference; lastKnownFileType = sourcecode.swift; path = WeatherFetcherMock.swift; sourceTree = "<group>"; };
		D7126B6C21ED2E00007B32D3 /* ExtensionTests.swift */ = {isa = PBXFileReference; lastKnownFileType = sourcecode.swift; path = ExtensionTests.swift; sourceTree = "<group>"; };
		D7126B7321EDE6FE007B32D3 /* LocalisedLabel.swift */ = {isa = PBXFileReference; fileEncoding = 4; lastKnownFileType = sourcecode.swift; path = LocalisedLabel.swift; sourceTree = "<group>"; };
		D7126B7421EDE6FF007B32D3 /* LanguageSelectorView.swift */ = {isa = PBXFileReference; fileEncoding = 4; lastKnownFileType = sourcecode.swift; path = LanguageSelectorView.swift; sourceTree = "<group>"; };
		D7126B7521EDE6FF007B32D3 /* LocalisedButton.swift */ = {isa = PBXFileReference; fileEncoding = 4; lastKnownFileType = sourcecode.swift; path = LocalisedButton.swift; sourceTree = "<group>"; };
		D7126B7621EDE6FF007B32D3 /* LocalisedBarButtonItem.swift */ = {isa = PBXFileReference; fileEncoding = 4; lastKnownFileType = sourcecode.swift; path = LocalisedBarButtonItem.swift; sourceTree = "<group>"; };
		D7126B7B21EDEF4C007B32D3 /* FatalErrorUtil.swift */ = {isa = PBXFileReference; lastKnownFileType = sourcecode.swift; name = FatalErrorUtil.swift; path = Errors/FatalErrorUtil.swift; sourceTree = "<group>"; };
		D7126B7D21EDEF8A007B32D3 /* XCTestCase+FatalError.swift */ = {isa = PBXFileReference; lastKnownFileType = sourcecode.swift; path = "XCTestCase+FatalError.swift"; sourceTree = "<group>"; };
		D7126B7F21EDF1C3007B32D3 /* AppConfigTests.swift */ = {isa = PBXFileReference; lastKnownFileType = sourcecode.swift; path = AppConfigTests.swift; sourceTree = "<group>"; };
		D7126B8121EDF34F007B32D3 /* WeatherCoordinateTests.swift */ = {isa = PBXFileReference; lastKnownFileType = sourcecode.swift; path = WeatherCoordinateTests.swift; sourceTree = "<group>"; };
		D7126B8421EDF3FC007B32D3 /* WeatherTests.swift */ = {isa = PBXFileReference; lastKnownFileType = sourcecode.swift; path = WeatherTests.swift; sourceTree = "<group>"; };
		D7126B8621EDFBFB007B32D3 /* WeatherCellViewModelTests.swift */ = {isa = PBXFileReference; lastKnownFileType = sourcecode.swift; path = WeatherCellViewModelTests.swift; sourceTree = "<group>"; };
		D7126B8821EDFC1D007B32D3 /* TestUtils.swift */ = {isa = PBXFileReference; lastKnownFileType = sourcecode.swift; path = TestUtils.swift; sourceTree = "<group>"; };
		D7126B8C21EE0022007B32D3 /* WeatherParserTests.swift */ = {isa = PBXFileReference; lastKnownFileType = sourcecode.swift; path = WeatherParserTests.swift; sourceTree = "<group>"; };
		D7126B8E21EE1738007B32D3 /* Proteus-Core.xcodeproj */ = {isa = PBXFileReference; lastKnownFileType = "wrapper.pb-project"; name = "Proteus-Core.xcodeproj"; path = "CorkWeather/ProteusCore/Proteus-Core.xcodeproj"; sourceTree = "<group>"; };
		D7126B9921EE174E007B32D3 /* Proteus-UI.xcodeproj */ = {isa = PBXFileReference; lastKnownFileType = "wrapper.pb-project"; name = "Proteus-UI.xcodeproj"; path = "CorkWeather/ProteusUI/Proteus-UI.xcodeproj"; sourceTree = "<group>"; };
		D71BD25221C3A5870093B258 /* AppConfig.swift */ = {isa = PBXFileReference; lastKnownFileType = sourcecode.swift; path = AppConfig.swift; sourceTree = "<group>"; };
		D71BD25621C3A87F0093B258 /* config.plist */ = {isa = PBXFileReference; lastKnownFileType = text.plist; name = config.plist; path = CorkWeather/config.plist; sourceTree = SOURCE_ROOT; };
		D71F93A41F9546300063282D /* README.md */ = {isa = PBXFileReference; fileEncoding = 4; lastKnownFileType = net.daringfireball.markdown; path = README.md; sourceTree = SOURCE_ROOT; };
		D71F93A61F9547EF0063282D /* SafariServices.framework */ = {isa = PBXFileReference; lastKnownFileType = wrapper.framework; name = SafariServices.framework; path = System/Library/Frameworks/SafariServices.framework; sourceTree = SDKROOT; };
		D751C9751F8569140028B890 /* Weather+Equatable.swift */ = {isa = PBXFileReference; fileEncoding = 4; lastKnownFileType = sourcecode.swift; path = "Weather+Equatable.swift"; sourceTree = "<group>"; };
		D79E826321E7FB2E00DAC211 /* MainCoordinator.swift */ = {isa = PBXFileReference; lastKnownFileType = sourcecode.swift; name = MainCoordinator.swift; path = Coordinators/MainCoordinator.swift; sourceTree = "<group>"; };
		D79F48591F58A5F700E1CB12 /* Database.swift */ = {isa = PBXFileReference; fileEncoding = 4; lastKnownFileType = sourcecode.swift; name = Database.swift; path = Database/Database.swift; sourceTree = "<group>"; };
		D79F485B1F58A84C00E1CB12 /* DatabaseFirebase.swift */ = {isa = PBXFileReference; fileEncoding = 4; lastKnownFileType = sourcecode.swift; name = DatabaseFirebase.swift; path = Database/DatabaseFirebase.swift; sourceTree = "<group>"; };
		D79F485D1F58B30300E1CB12 /* GoogleService-Info.plist */ = {isa = PBXFileReference; fileEncoding = 4; lastKnownFileType = text.plist.xml; path = "GoogleService-Info.plist"; sourceTree = "<group>"; };
		D7AEA79B1F5F3B86001CE3E4 /* WeatherCoordinate.swift */ = {isa = PBXFileReference; fileEncoding = 4; lastKnownFileType = sourcecode.swift; path = WeatherCoordinate.swift; sourceTree = "<group>"; };
		D7C23E3D1F85750E005A3DCB /* Date+Displayable.swift */ = {isa = PBXFileReference; fileEncoding = 4; lastKnownFileType = sourcecode.swift; name = "Date+Displayable.swift"; path = "Extensions/Date+Displayable.swift"; sourceTree = "<group>"; };
		D7D1BD2B1F799E0600F1AD6D /* MainViewController+Alerts.swift */ = {isa = PBXFileReference; fileEncoding = 4; lastKnownFileType = sourcecode.swift; path = "MainViewController+Alerts.swift"; sourceTree = "<group>"; };
		D7D1BD2D1F799E2D00F1AD6D /* MainAlertProtocol.swift */ = {isa = PBXFileReference; fileEncoding = 4; lastKnownFileType = sourcecode.swift; path = MainAlertProtocol.swift; sourceTree = "<group>"; };
		D7D1BE2D1F7AF0DD00F1AD6D /* DatabaseError.swift */ = {isa = PBXFileReference; fileEncoding = 4; lastKnownFileType = sourcecode.swift; name = DatabaseError.swift; path = Errors/DatabaseError.swift; sourceTree = "<group>"; };
		D7D1BE321F7AFCD600F1AD6D /* GMSAddress+String.swift */ = {isa = PBXFileReference; fileEncoding = 4; lastKnownFileType = sourcecode.swift; name = "GMSAddress+String.swift"; path = "Extensions/GMSAddress+String.swift"; sourceTree = "<group>"; };
		D7DF656A1F5F4990008109C7 /* InitialiseLoadError.swift */ = {isa = PBXFileReference; fileEncoding = 4; lastKnownFileType = sourcecode.swift; name = InitialiseLoadError.swift; path = Errors/InitialiseLoadError.swift; sourceTree = "<group>"; };
		D7DF656D1F5F49CD008109C7 /* PickError.swift */ = {isa = PBXFileReference; fileEncoding = 4; lastKnownFileType = sourcecode.swift; name = PickError.swift; path = Errors/PickError.swift; sourceTree = "<group>"; };
		D7DF65711F5F4A20008109C7 /* WeatherLoadError.swift */ = {isa = PBXFileReference; fileEncoding = 4; lastKnownFileType = sourcecode.swift; name = WeatherLoadError.swift; path = Errors/WeatherLoadError.swift; sourceTree = "<group>"; };
		D7E0F1091FAA828A00C90A72 /* AnalyticsProtocol.swift */ = {isa = PBXFileReference; lastKnownFileType = sourcecode.swift; name = AnalyticsProtocol.swift; path = Analytics/AnalyticsProtocol.swift; sourceTree = "<group>"; };
		D7E0F10B1FAA82EE00C90A72 /* AnalyticsFirebase.swift */ = {isa = PBXFileReference; lastKnownFileType = sourcecode.swift; name = AnalyticsFirebase.swift; path = Analytics/AnalyticsFirebase.swift; sourceTree = "<group>"; };
		D7E0F10D1FAA839000C90A72 /* AnalyticsFactory.swift */ = {isa = PBXFileReference; lastKnownFileType = sourcecode.swift; name = AnalyticsFactory.swift; path = Analytics/AnalyticsFactory.swift; sourceTree = "<group>"; };
		D7E0F10F1FAA849D00C90A72 /* AnalyticsEvents.swift */ = {isa = PBXFileReference; lastKnownFileType = sourcecode.swift; name = AnalyticsEvents.swift; path = Analytics/AnalyticsEvents.swift; sourceTree = "<group>"; };
		D7E39C381F33B13400D006AE /* CorkWeather.app */ = {isa = PBXFileReference; explicitFileType = wrapper.application; includeInIndex = 0; path = CorkWeather.app; sourceTree = BUILT_PRODUCTS_DIR; };
		D7E39C401F33B13400D006AE /* Base */ = {isa = PBXFileReference; lastKnownFileType = file.storyboard; name = Base; path = Base.lproj/Main.storyboard; sourceTree = "<group>"; };
		D7E39C421F33B13400D006AE /* Assets.xcassets */ = {isa = PBXFileReference; lastKnownFileType = folder.assetcatalog; path = Assets.xcassets; sourceTree = "<group>"; };
		D7E39C451F33B13400D006AE /* Base */ = {isa = PBXFileReference; lastKnownFileType = file.storyboard; name = Base; path = Base.lproj/LaunchScreen.storyboard; sourceTree = "<group>"; };
		D7E39C471F33B13400D006AE /* Info.plist */ = {isa = PBXFileReference; lastKnownFileType = text.plist.xml; path = Info.plist; sourceTree = "<group>"; };
		D7E39C541F33B2DD00D006AE /* AppDelegate.swift */ = {isa = PBXFileReference; fileEncoding = 4; lastKnownFileType = sourcecode.swift; path = AppDelegate.swift; sourceTree = "<group>"; };
		D7E39C5B1F33B2EA00D006AE /* CorkResponse.json */ = {isa = PBXFileReference; fileEncoding = 4; lastKnownFileType = text.json; path = CorkResponse.json; sourceTree = "<group>"; };
		D7E39C611F33B3A400D006AE /* Weather.swift */ = {isa = PBXFileReference; fileEncoding = 4; lastKnownFileType = sourcecode.swift; path = Weather.swift; sourceTree = "<group>"; };
		D7E39C6B1F33BB5F00D006AE /* WeatherFetcher.swift */ = {isa = PBXFileReference; fileEncoding = 4; lastKnownFileType = sourcecode.swift; path = WeatherFetcher.swift; sourceTree = "<group>"; };
		D7E39C6C1F33BB5F00D006AE /* WeatherFetcherProtocol.swift */ = {isa = PBXFileReference; fileEncoding = 4; lastKnownFileType = sourcecode.swift; path = WeatherFetcherProtocol.swift; sourceTree = "<group>"; };
		D7E39C6D1F33BB5F00D006AE /* WeatherLocalFetcher.swift */ = {isa = PBXFileReference; fileEncoding = 4; lastKnownFileType = sourcecode.swift; path = WeatherLocalFetcher.swift; sourceTree = "<group>"; };
		D7E39C6E1F33BB5F00D006AE /* WeatherRemoteFetcher.swift */ = {isa = PBXFileReference; fileEncoding = 4; lastKnownFileType = sourcecode.swift; path = WeatherRemoteFetcher.swift; sourceTree = "<group>"; };
		D7E39C701F33BB5F00D006AE /* MainViewController.swift */ = {isa = PBXFileReference; fileEncoding = 4; lastKnownFileType = sourcecode.swift; path = MainViewController.swift; sourceTree = "<group>"; };
		D7E39C7D1F33C29900D006AE /* WeatherJsonParser.swift */ = {isa = PBXFileReference; fileEncoding = 4; lastKnownFileType = sourcecode.swift; path = WeatherJsonParser.swift; sourceTree = "<group>"; };
		D7E39C8D1F33D06600D006AE /* en */ = {isa = PBXFileReference; lastKnownFileType = text.plist.strings; name = en; path = en.lproj/Localizable.strings; sourceTree = "<group>"; };
		D7E39C8F1F34AF0A00D006AE /* WeatherUnits.swift */ = {isa = PBXFileReference; fileEncoding = 4; lastKnownFileType = sourcecode.swift; path = WeatherUnits.swift; sourceTree = "<group>"; };
		D7E979581F8EB9CA0049E2A6 /* InfoViewController.swift */ = {isa = PBXFileReference; fileEncoding = 4; lastKnownFileType = sourcecode.swift; path = InfoViewController.swift; sourceTree = "<group>"; };
		D7E9795E1F8EC43B0049E2A6 /* MessageUI.framework */ = {isa = PBXFileReference; lastKnownFileType = wrapper.framework; name = MessageUI.framework; path = System/Library/Frameworks/MessageUI.framework; sourceTree = SDKROOT; };
		D7EACFBC1F3BB023008C9BDE /* WeatherListCell.swift */ = {isa = PBXFileReference; fileEncoding = 4; lastKnownFileType = sourcecode.swift; path = WeatherListCell.swift; sourceTree = "<group>"; };
		D7EACFC01F3C4A46008C9BDE /* MainViewController+GooglePlaces.swift */ = {isa = PBXFileReference; fileEncoding = 4; lastKnownFileType = sourcecode.swift; path = "MainViewController+GooglePlaces.swift"; sourceTree = "<group>"; };
		D7EACFC21F3C4AA5008C9BDE /* MapsProtocol.swift */ = {isa = PBXFileReference; fileEncoding = 4; lastKnownFileType = sourcecode.swift; path = MapsProtocol.swift; sourceTree = "<group>"; };
		D7EACFFE1F3D02EF008C9BDE /* WeatherLocation.swift */ = {isa = PBXFileReference; fileEncoding = 4; lastKnownFileType = sourcecode.swift; path = WeatherLocation.swift; sourceTree = "<group>"; };
		D9699EDAEDA3A833A29E0266 /* Pods_CorkWeatherTests.framework */ = {isa = PBXFileReference; explicitFileType = wrapper.framework; includeInIndex = 0; path = Pods_CorkWeatherTests.framework; sourceTree = BUILT_PRODUCTS_DIR; };
		E795C8F9C34DAD854141C17D /* Pods-CorkWeatherTests.debug.xcconfig */ = {isa = PBXFileReference; includeInIndex = 1; lastKnownFileType = text.xcconfig; name = "Pods-CorkWeatherTests.debug.xcconfig"; path = "Pods/Target Support Files/Pods-CorkWeatherTests/Pods-CorkWeatherTests.debug.xcconfig"; sourceTree = "<group>"; };
		FD4A74B8A8D40B66F1391E0A /* Pods-CorkWeather.release.xcconfig */ = {isa = PBXFileReference; includeInIndex = 1; lastKnownFileType = text.xcconfig; name = "Pods-CorkWeather.release.xcconfig"; path = "Pods/Target Support Files/Pods-CorkWeather/Pods-CorkWeather.release.xcconfig"; sourceTree = "<group>"; };
/* End PBXFileReference section */

/* Begin PBXFrameworksBuildPhase section */
		D7126B5521ECFE42007B32D3 /* Frameworks */ = {
			isa = PBXFrameworksBuildPhase;
			buildActionMask = 2147483647;
			files = (
				DA211781DAEE7F199DBB4D67 /* Pods_CorkWeatherTests.framework in Frameworks */,
			);
			runOnlyForDeploymentPostprocessing = 0;
		};
		D7E39C351F33B13400D006AE /* Frameworks */ = {
			isa = PBXFrameworksBuildPhase;
			buildActionMask = 2147483647;
			files = (
				D7126BA721EE17AE007B32D3 /* Proteus_UI.framework in Frameworks */,
				D7126BA621EE17AB007B32D3 /* Proteus_Core.framework in Frameworks */,
				D71F93A71F9547EF0063282D /* SafariServices.framework in Frameworks */,
				D7E9795F1F8EC43B0049E2A6 /* MessageUI.framework in Frameworks */,
				63D39BFF1D291AC1D30484EA /* Pods_CorkWeather.framework in Frameworks */,
			);
			runOnlyForDeploymentPostprocessing = 0;
		};
/* End PBXFrameworksBuildPhase section */

/* Begin PBXGroup section */
		8F3A88E5781164A7EF7693F8 /* Frameworks */ = {
			isa = PBXGroup;
			children = (
				D71F93A61F9547EF0063282D /* SafariServices.framework */,
				D7E9795E1F8EC43B0049E2A6 /* MessageUI.framework */,
				1F8231FF6F923F40633B3C9C /* Pods_CorkWeather.framework */,
				D9699EDAEDA3A833A29E0266 /* Pods_CorkWeatherTests.framework */,
			);
			name = Frameworks;
			sourceTree = "<group>";
		};
		B987AE305768DB668FC0D3B5 /* Pods */ = {
			isa = PBXGroup;
			children = (
				9B56203EBBE4934156980023 /* Pods-CorkWeather.debug.xcconfig */,
				FD4A74B8A8D40B66F1391E0A /* Pods-CorkWeather.release.xcconfig */,
				E795C8F9C34DAD854141C17D /* Pods-CorkWeatherTests.debug.xcconfig */,
				4D8B1DBD48C049D034F3E779 /* Pods-CorkWeatherTests.release.xcconfig */,
			);
			name = Pods;
			sourceTree = "<group>";
		};
		D708662A21E8A5D30000E477 /* ViewModels */ = {
			isa = PBXGroup;
			children = (
				D708662D21E8A62A0000E477 /* MainViewModel.swift */,
				D7126B5221ECF6D5007B32D3 /* WeatherCellViewModel.swift */,
			);
			name = ViewModels;
			sourceTree = "<group>";
		};
		D708663721E8BAD60000E477 /* Views */ = {
			isa = PBXGroup;
			children = (
				D708663821E8BAEF0000E477 /* OnboardingView.swift */,
			);
			name = Views;
			sourceTree = "<group>";
		};
		D7126B5121ECED34007B32D3 /* Geocoding */ = {
			isa = PBXGroup;
			children = (
				D708664021E8C2930000E477 /* ReverseGeocoderProvider.swift */,
				D708662B21E8A6180000E477 /* GMSReverseGeocoder.swift */,
			);
			name = Geocoding;
			sourceTree = "<group>";
		};
		D7126B5921ECFE42007B32D3 /* CorkWeatherTests */ = {
			isa = PBXGroup;
			children = (
				D7126B8121EDF34F007B32D3 /* WeatherCoordinateTests.swift */,
				D7126B5A21ECFE42007B32D3 /* MainViewModelTests.swift */,
				D7126B5C21ECFE42007B32D3 /* Info.plist */,
				D7126B6221ECFFA3007B32D3 /* DatabaseMock.swift */,
				D7126B6621ED011D007B32D3 /* ReverseGeocoderMock.swift */,
				D7126B6A21ED017A007B32D3 /* WeatherFetcherMock.swift */,
				D7126B6C21ED2E00007B32D3 /* ExtensionTests.swift */,
				D7126B7D21EDEF8A007B32D3 /* XCTestCase+FatalError.swift */,
				D7126B7F21EDF1C3007B32D3 /* AppConfigTests.swift */,
				D7126B8421EDF3FC007B32D3 /* WeatherTests.swift */,
				D7126B8621EDFBFB007B32D3 /* WeatherCellViewModelTests.swift */,
				D7126B8821EDFC1D007B32D3 /* TestUtils.swift */,
				D7126B8C21EE0022007B32D3 /* WeatherParserTests.swift */,
			);
			path = CorkWeatherTests;
			sourceTree = "<group>";
		};
		D7126B7221EDE6A7007B32D3 /* Localisation */ = {
			isa = PBXGroup;
			children = (
				D7126B7421EDE6FF007B32D3 /* LanguageSelectorView.swift */,
				D7126B7621EDE6FF007B32D3 /* LocalisedBarButtonItem.swift */,
				D7126B7521EDE6FF007B32D3 /* LocalisedButton.swift */,
				D7126B7321EDE6FE007B32D3 /* LocalisedLabel.swift */,
			);
			path = Localisation;
			sourceTree = "<group>";
		};
		D7126B8F21EE1738007B32D3 /* Products */ = {
			isa = PBXGroup;
			children = (
				D7126B9421EE1738007B32D3 /* Proteus_Core.framework */,
				D7126B9621EE1738007B32D3 /* Proteus-CoreTests.xctest */,
			);
			name = Products;
			sourceTree = "<group>";
		};
		D7126B9A21EE174E007B32D3 /* Products */ = {
			isa = PBXGroup;
			children = (
				D7126B9F21EE174F007B32D3 /* Proteus_UI.framework */,
				D7126BA121EE174F007B32D3 /* Proteus-UITests.xctest */,
			);
			name = Products;
			sourceTree = "<group>";
		};
		D79E826221E7FB0D00DAC211 /* Coordinators */ = {
			isa = PBXGroup;
			children = (
				D79E826321E7FB2E00DAC211 /* MainCoordinator.swift */,
				D708663A21E8BB150000E477 /* MainCoordinator+Maps.swift */,
			);
			name = Coordinators;
			sourceTree = "<group>";
		};
		D79F48581F58A5ED00E1CB12 /* Database */ = {
			isa = PBXGroup;
			children = (
				D79F48591F58A5F700E1CB12 /* Database.swift */,
				D79F485B1F58A84C00E1CB12 /* DatabaseFirebase.swift */,
			);
			name = Database;
			sourceTree = "<group>";
		};
		D7D1BE2F1F7AF4E300F1AD6D /* Extensions */ = {
			isa = PBXGroup;
			children = (
				D7D1BE321F7AFCD600F1AD6D /* GMSAddress+String.swift */,
				D7C23E3D1F85750E005A3DCB /* Date+Displayable.swift */,
				D708663C21E8BB240000E477 /* WeatherCoordinate+Distance.swift */,
				D708664421E8CAEE0000E477 /* Int+Weather.swift */,
				D7126B3F21ECD9E7007B32D3 /* GMSPlacePickerConfig+Coords.swift */,
			);
			name = Extensions;
			sourceTree = "<group>";
		};
		D7DF656C1F5F4999008109C7 /* Errors */ = {
			isa = PBXGroup;
			children = (
				D7DF656D1F5F49CD008109C7 /* PickError.swift */,
				D7DF656A1F5F4990008109C7 /* InitialiseLoadError.swift */,
				D7DF65711F5F4A20008109C7 /* WeatherLoadError.swift */,
				D7D1BE2D1F7AF0DD00F1AD6D /* DatabaseError.swift */,
				D7126B7B21EDEF4C007B32D3 /* FatalErrorUtil.swift */,
			);
			name = Errors;
			sourceTree = "<group>";
		};
		D7E0F1081FAA827300C90A72 /* Analytics */ = {
			isa = PBXGroup;
			children = (
				D7E0F1091FAA828A00C90A72 /* AnalyticsProtocol.swift */,
				D7E0F10B1FAA82EE00C90A72 /* AnalyticsFirebase.swift */,
				D7E0F10D1FAA839000C90A72 /* AnalyticsFactory.swift */,
				D7E0F10F1FAA849D00C90A72 /* AnalyticsEvents.swift */,
			);
			name = Analytics;
			sourceTree = "<group>";
		};
		D7E39C2F1F33B13400D006AE = {
			isa = PBXGroup;
			children = (
				D7126B9921EE174E007B32D3 /* Proteus-UI.xcodeproj */,
				D7126B8E21EE1738007B32D3 /* Proteus-Core.xcodeproj */,
				D7E39C3A1F33B13400D006AE /* CorkWeather */,
				D7126B5921ECFE42007B32D3 /* CorkWeatherTests */,
				D7E39C391F33B13400D006AE /* Products */,
				B987AE305768DB668FC0D3B5 /* Pods */,
				8F3A88E5781164A7EF7693F8 /* Frameworks */,
			);
			sourceTree = "<group>";
		};
		D7E39C391F33B13400D006AE /* Products */ = {
			isa = PBXGroup;
			children = (
				D7E39C381F33B13400D006AE /* CorkWeather.app */,
				D7126B5821ECFE42007B32D3 /* CorkWeatherTests.xctest */,
			);
			name = Products;
			sourceTree = "<group>";
		};
		D7E39C3A1F33B13400D006AE /* CorkWeather */ = {
			isa = PBXGroup;
			children = (
				D7E39C5A1F33B2EA00D006AE /* Assets */,
				D7E39C531F33B2DD00D006AE /* Source */,
				D7E39C3F1F33B13400D006AE /* Main.storyboard */,
				D7E39C421F33B13400D006AE /* Assets.xcassets */,
				D7E39C441F33B13400D006AE /* LaunchScreen.storyboard */,
				D7E39C471F33B13400D006AE /* Info.plist */,
				D79F485D1F58B30300E1CB12 /* GoogleService-Info.plist */,
				D71F93A41F9546300063282D /* README.md */,
				D7126B2E21ECA32E007B32D3 /* .swiftlint.yml */,
			);
			path = CorkWeather;
			sourceTree = "<group>";
		};
		D7E39C531F33B2DD00D006AE /* Source */ = {
			isa = PBXGroup;
			children = (
				D7E0F1081FAA827300C90A72 /* Analytics */,
				D79E826221E7FB0D00DAC211 /* Coordinators */,
				D7D1BE2F1F7AF4E300F1AD6D /* Extensions */,
				D7DF656C1F5F4999008109C7 /* Errors */,
				D79F48581F58A5ED00E1CB12 /* Database */,
				D7E39C6A1F33BB5F00D006AE /* Fetcher */,
				D7126B5121ECED34007B32D3 /* Geocoding */,
				D7E39C601F33B3A400D006AE /* Model */,
				D7E39C6F1F33BB5F00D006AE /* UI */,
				D708662A21E8A5D30000E477 /* ViewModels */,
				D708663721E8BAD60000E477 /* Views */,
				D7E39C541F33B2DD00D006AE /* AppDelegate.swift */,
				D71BD25221C3A5870093B258 /* AppConfig.swift */,
			);
			path = Source;
			sourceTree = "<group>";
		};
		D7E39C5A1F33B2EA00D006AE /* Assets */ = {
			isa = PBXGroup;
			children = (
				D71BD25621C3A87F0093B258 /* config.plist */,
				D7E39C8B1F33CF9000D006AE /* Locaisation */,
				D7E39C5B1F33B2EA00D006AE /* CorkResponse.json */,
			);
			path = Assets;
			sourceTree = "<group>";
		};
		D7E39C601F33B3A400D006AE /* Model */ = {
			isa = PBXGroup;
			children = (
				D7E39C611F33B3A400D006AE /* Weather.swift */,
				D751C9751F8569140028B890 /* Weather+Equatable.swift */,
				D7E39C8F1F34AF0A00D006AE /* WeatherUnits.swift */,
				D7EACFFE1F3D02EF008C9BDE /* WeatherLocation.swift */,
				D7AEA79B1F5F3B86001CE3E4 /* WeatherCoordinate.swift */,
			);
			path = Model;
			sourceTree = "<group>";
		};
		D7E39C6A1F33BB5F00D006AE /* Fetcher */ = {
			isa = PBXGroup;
			children = (
				D7E39C6B1F33BB5F00D006AE /* WeatherFetcher.swift */,
				D7E39C6C1F33BB5F00D006AE /* WeatherFetcherProtocol.swift */,
				D7E39C6D1F33BB5F00D006AE /* WeatherLocalFetcher.swift */,
				D7E39C6E1F33BB5F00D006AE /* WeatherRemoteFetcher.swift */,
				D7E39C7D1F33C29900D006AE /* WeatherJsonParser.swift */,
			);
			path = Fetcher;
			sourceTree = "<group>";
		};
		D7E39C6F1F33BB5F00D006AE /* UI */ = {
			isa = PBXGroup;
			children = (
				D7126B7221EDE6A7007B32D3 /* Localisation */,
				D7E39C701F33BB5F00D006AE /* MainViewController.swift */,
				D7EACFC21F3C4AA5008C9BDE /* MapsProtocol.swift */,
				D7EACFC01F3C4A46008C9BDE /* MainViewController+GooglePlaces.swift */,
				D7D1BD2D1F799E2D00F1AD6D /* MainAlertProtocol.swift */,
				D7D1BD2B1F799E0600F1AD6D /* MainViewController+Alerts.swift */,
				D7EACFBC1F3BB023008C9BDE /* WeatherListCell.swift */,
				D708664221E8C9880000E477 /* WeatherListCell+Weather.swift */,
				D7E979581F8EB9CA0049E2A6 /* InfoViewController.swift */,
			);
			path = UI;
			sourceTree = "<group>";
		};
		D7E39C8B1F33CF9000D006AE /* Locaisation */ = {
			isa = PBXGroup;
			children = (
				D7E39C8E1F33D06600D006AE /* Localizable.strings */,
			);
			name = Locaisation;
			sourceTree = "<group>";
		};
/* End PBXGroup section */

/* Begin PBXNativeTarget section */
		D7126B5721ECFE42007B32D3 /* CorkWeatherTests */ = {
			isa = PBXNativeTarget;
			buildConfigurationList = D7126B5F21ECFE42007B32D3 /* Build configuration list for PBXNativeTarget "CorkWeatherTests" */;
			buildPhases = (
				215F45D88972920C7EA27EA8 /* [CP] Check Pods Manifest.lock */,
				D7126B5421ECFE42007B32D3 /* Sources */,
				D7126B5521ECFE42007B32D3 /* Frameworks */,
				D7126B5621ECFE42007B32D3 /* Resources */,
			);
			buildRules = (
			);
			dependencies = (
				D7126B5E21ECFE42007B32D3 /* PBXTargetDependency */,
			);
			name = CorkWeatherTests;
			productName = CorkWeatherTests;
			productReference = D7126B5821ECFE42007B32D3 /* CorkWeatherTests.xctest */;
			productType = "com.apple.product-type.bundle.unit-test";
		};
		D7E39C371F33B13400D006AE /* CorkWeather */ = {
			isa = PBXNativeTarget;
			buildConfigurationList = D7E39C4A1F33B13400D006AE /* Build configuration list for PBXNativeTarget "CorkWeather" */;
			buildPhases = (
				1D57500B07FC07F48B293B89 /* [CP] Check Pods Manifest.lock */,
				D708665021E8FEE80000E477 /* SwiftLint */,
				D7E39C341F33B13400D006AE /* Sources */,
				D7E39C351F33B13400D006AE /* Frameworks */,
				D7E39C361F33B13400D006AE /* Resources */,
				D7126BA821EE1AF4007B32D3 /* Copy config.plist (DEBUG ONLY) */,
				D709ABCF1F65CAD700CD546B /* Embed Frameworks */,
				5B257CCAD2F1CFA69C2EAF9E /* [CP] Embed Pods Frameworks */,
				3B13BE2CB6E4BFA2092C8269 /* [CP] Copy Pods Resources */,
			);
			buildRules = (
			);
			dependencies = (
				D7126BA521EE176D007B32D3 /* PBXTargetDependency */,
				D7126BA321EE176A007B32D3 /* PBXTargetDependency */,
			);
			name = CorkWeather;
			productName = CorkWeather;
			productReference = D7E39C381F33B13400D006AE /* CorkWeather.app */;
			productType = "com.apple.product-type.application";
		};
/* End PBXNativeTarget section */

/* Begin PBXProject section */
		D7E39C301F33B13400D006AE /* Project object */ = {
			isa = PBXProject;
			attributes = {
				LastSwiftUpdateCheck = 1010;
				LastUpgradeCheck = 1010;
				ORGANIZATIONNAME = eddielong;
				TargetAttributes = {
					D7126B5721ECFE42007B32D3 = {
						CreatedOnToolsVersion = 10.1;
						DevelopmentTeam = 788EDYK9WX;
						ProvisioningStyle = Automatic;
						TestTargetID = D7E39C371F33B13400D006AE;
					};
					D7E39C371F33B13400D006AE = {
						CreatedOnToolsVersion = 8.3.3;
						DevelopmentTeam = XFV7ZQHJ8V;
						ProvisioningStyle = Automatic;
					};
				};
			};
			buildConfigurationList = D7E39C331F33B13400D006AE /* Build configuration list for PBXProject "CorkWeather" */;
			compatibilityVersion = "Xcode 3.2";
			developmentRegion = English;
			hasScannedForEncodings = 0;
			knownRegions = (
				en,
				Base,
			);
			mainGroup = D7E39C2F1F33B13400D006AE;
			productRefGroup = D7E39C391F33B13400D006AE /* Products */;
			projectDirPath = "";
			projectReferences = (
				{
					ProductGroup = D7126B8F21EE1738007B32D3 /* Products */;
					ProjectRef = D7126B8E21EE1738007B32D3 /* Proteus-Core.xcodeproj */;
				},
				{
					ProductGroup = D7126B9A21EE174E007B32D3 /* Products */;
					ProjectRef = D7126B9921EE174E007B32D3 /* Proteus-UI.xcodeproj */;
				},
			);
			projectRoot = "";
			targets = (
				D7E39C371F33B13400D006AE /* CorkWeather */,
				D7126B5721ECFE42007B32D3 /* CorkWeatherTests */,
			);
		};
/* End PBXProject section */

/* Begin PBXReferenceProxy section */
		D7126B9421EE1738007B32D3 /* Proteus_Core.framework */ = {
			isa = PBXReferenceProxy;
			fileType = wrapper.framework;
			path = Proteus_Core.framework;
			remoteRef = D7126B9321EE1738007B32D3 /* PBXContainerItemProxy */;
			sourceTree = BUILT_PRODUCTS_DIR;
		};
		D7126B9621EE1738007B32D3 /* Proteus-CoreTests.xctest */ = {
			isa = PBXReferenceProxy;
			fileType = wrapper.cfbundle;
			path = "Proteus-CoreTests.xctest";
			remoteRef = D7126B9521EE1738007B32D3 /* PBXContainerItemProxy */;
			sourceTree = BUILT_PRODUCTS_DIR;
		};
		D7126B9F21EE174F007B32D3 /* Proteus_UI.framework */ = {
			isa = PBXReferenceProxy;
			fileType = wrapper.framework;
			path = Proteus_UI.framework;
			remoteRef = D7126B9E21EE174F007B32D3 /* PBXContainerItemProxy */;
			sourceTree = BUILT_PRODUCTS_DIR;
		};
		D7126BA121EE174F007B32D3 /* Proteus-UITests.xctest */ = {
			isa = PBXReferenceProxy;
			fileType = wrapper.cfbundle;
			path = "Proteus-UITests.xctest";
			remoteRef = D7126BA021EE174F007B32D3 /* PBXContainerItemProxy */;
			sourceTree = BUILT_PRODUCTS_DIR;
		};
/* End PBXReferenceProxy section */

/* Begin PBXResourcesBuildPhase section */
		D7126B5621ECFE42007B32D3 /* Resources */ = {
			isa = PBXResourcesBuildPhase;
			buildActionMask = 2147483647;
			files = (
			);
			runOnlyForDeploymentPostprocessing = 0;
		};
		D7E39C361F33B13400D006AE /* Resources */ = {
			isa = PBXResourcesBuildPhase;
			buildActionMask = 2147483647;
			files = (
				D7E39C461F33B13400D006AE /* LaunchScreen.storyboard in Resources */,
				D7E39C431F33B13400D006AE /* Assets.xcassets in Resources */,
				D7E39C411F33B13400D006AE /* Main.storyboard in Resources */,
				D71F93A51F9546300063282D /* README.md in Resources */,
				D7E39C5C1F33B2EA00D006AE /* CorkResponse.json in Resources */,
				D7E39C8C1F33D06600D006AE /* Localizable.strings in Resources */,
				D79F485E1F58B30300E1CB12 /* GoogleService-Info.plist in Resources */,
			);
			runOnlyForDeploymentPostprocessing = 0;
		};
/* End PBXResourcesBuildPhase section */

/* Begin PBXShellScriptBuildPhase section */
		1D57500B07FC07F48B293B89 /* [CP] Check Pods Manifest.lock */ = {
			isa = PBXShellScriptBuildPhase;
			buildActionMask = 2147483647;
			files = (
			);
			inputPaths = (
				"${PODS_PODFILE_DIR_PATH}/Podfile.lock",
				"${PODS_ROOT}/Manifest.lock",
			);
			name = "[CP] Check Pods Manifest.lock";
			outputPaths = (
				"$(DERIVED_FILE_DIR)/Pods-CorkWeather-checkManifestLockResult.txt",
			);
			runOnlyForDeploymentPostprocessing = 0;
			shellPath = /bin/sh;
			shellScript = "diff \"${PODS_PODFILE_DIR_PATH}/Podfile.lock\" \"${PODS_ROOT}/Manifest.lock\" > /dev/null\nif [ $? != 0 ] ; then\n    # print error to STDERR\n    echo \"error: The sandbox is not in sync with the Podfile.lock. Run 'pod install' or update your CocoaPods installation.\" >&2\n    exit 1\nfi\n# This output is used by Xcode 'outputs' to avoid re-running this script phase.\necho \"SUCCESS\" > \"${SCRIPT_OUTPUT_FILE_0}\"\n";
			showEnvVarsInLog = 0;
		};
		215F45D88972920C7EA27EA8 /* [CP] Check Pods Manifest.lock */ = {
			isa = PBXShellScriptBuildPhase;
			buildActionMask = 2147483647;
			files = (
			);
			inputFileListPaths = (
			);
			inputPaths = (
				"${PODS_PODFILE_DIR_PATH}/Podfile.lock",
				"${PODS_ROOT}/Manifest.lock",
			);
			name = "[CP] Check Pods Manifest.lock";
			outputFileListPaths = (
			);
			outputPaths = (
				"$(DERIVED_FILE_DIR)/Pods-CorkWeatherTests-checkManifestLockResult.txt",
			);
			runOnlyForDeploymentPostprocessing = 0;
			shellPath = /bin/sh;
			shellScript = "diff \"${PODS_PODFILE_DIR_PATH}/Podfile.lock\" \"${PODS_ROOT}/Manifest.lock\" > /dev/null\nif [ $? != 0 ] ; then\n    # print error to STDERR\n    echo \"error: The sandbox is not in sync with the Podfile.lock. Run 'pod install' or update your CocoaPods installation.\" >&2\n    exit 1\nfi\n# This output is used by Xcode 'outputs' to avoid re-running this script phase.\necho \"SUCCESS\" > \"${SCRIPT_OUTPUT_FILE_0}\"\n";
			showEnvVarsInLog = 0;
		};
		3B13BE2CB6E4BFA2092C8269 /* [CP] Copy Pods Resources */ = {
			isa = PBXShellScriptBuildPhase;
			buildActionMask = 2147483647;
			files = (
			);
			inputPaths = (
				"${SRCROOT}/Pods/Target Support Files/Pods-CorkWeather/Pods-CorkWeather-resources.sh",
				"${PODS_ROOT}/GoogleMaps/Maps/Frameworks/GoogleMaps.framework/Resources/GoogleMaps.bundle",
				"${PODS_ROOT}/GooglePlacePicker/Frameworks/GooglePlacePicker.framework/Resources/GooglePlacePicker.bundle",
				"${PODS_ROOT}/GooglePlaces/Frameworks/GooglePlaces.framework/Resources/GooglePlaces.bundle",
			);
			name = "[CP] Copy Pods Resources";
			outputPaths = (
				"${TARGET_BUILD_DIR}/${UNLOCALIZED_RESOURCES_FOLDER_PATH}/GoogleMaps.bundle",
				"${TARGET_BUILD_DIR}/${UNLOCALIZED_RESOURCES_FOLDER_PATH}/GooglePlacePicker.bundle",
				"${TARGET_BUILD_DIR}/${UNLOCALIZED_RESOURCES_FOLDER_PATH}/GooglePlaces.bundle",
			);
			runOnlyForDeploymentPostprocessing = 0;
			shellPath = /bin/sh;
			shellScript = "\"${SRCROOT}/Pods/Target Support Files/Pods-CorkWeather/Pods-CorkWeather-resources.sh\"\n";
			showEnvVarsInLog = 0;
		};
		5B257CCAD2F1CFA69C2EAF9E /* [CP] Embed Pods Frameworks */ = {
			isa = PBXShellScriptBuildPhase;
			buildActionMask = 2147483647;
			files = (
			);
			inputPaths = (
				"${SRCROOT}/Pods/Target Support Files/Pods-CorkWeather/Pods-CorkWeather-frameworks.sh",
				"${BUILT_PRODUCTS_DIR}/GTMSessionFetcher/GTMSessionFetcher.framework",
				"${BUILT_PRODUCTS_DIR}/GoogleUtilities/GoogleUtilities.framework",
				"${BUILT_PRODUCTS_DIR}/MBProgressHUD/MBProgressHUD.framework",
				"${BUILT_PRODUCTS_DIR}/SDWebImage/SDWebImage.framework",
				"${BUILT_PRODUCTS_DIR}/SWLogger/SWLogger.framework",
				"${BUILT_PRODUCTS_DIR}/leveldb-library/leveldb.framework",
				"${BUILT_PRODUCTS_DIR}/nanopb/nanopb.framework",
			);
			name = "[CP] Embed Pods Frameworks";
			outputPaths = (
				"${TARGET_BUILD_DIR}/${FRAMEWORKS_FOLDER_PATH}/GTMSessionFetcher.framework",
				"${TARGET_BUILD_DIR}/${FRAMEWORKS_FOLDER_PATH}/GoogleUtilities.framework",
				"${TARGET_BUILD_DIR}/${FRAMEWORKS_FOLDER_PATH}/MBProgressHUD.framework",
				"${TARGET_BUILD_DIR}/${FRAMEWORKS_FOLDER_PATH}/SDWebImage.framework",
				"${TARGET_BUILD_DIR}/${FRAMEWORKS_FOLDER_PATH}/SWLogger.framework",
				"${TARGET_BUILD_DIR}/${FRAMEWORKS_FOLDER_PATH}/leveldb.framework",
				"${TARGET_BUILD_DIR}/${FRAMEWORKS_FOLDER_PATH}/nanopb.framework",
			);
			runOnlyForDeploymentPostprocessing = 0;
			shellPath = /bin/sh;
			shellScript = "\"${SRCROOT}/Pods/Target Support Files/Pods-CorkWeather/Pods-CorkWeather-frameworks.sh\"\n";
			showEnvVarsInLog = 0;
		};
		D708665021E8FEE80000E477 /* SwiftLint */ = {
			isa = PBXShellScriptBuildPhase;
			buildActionMask = 2147483647;
			files = (
			);
			inputFileListPaths = (
			);
			inputPaths = (
			);
			name = SwiftLint;
			outputFileListPaths = (
			);
			outputPaths = (
			);
			runOnlyForDeploymentPostprocessing = 0;
			shellPath = /bin/sh;
			shellScript = "if which swiftlint >/dev/null; then\n  swiftlint\nelse\n  echo \"warning: SwiftLint not installed, download from https://github.com/realm/SwiftLint\"\nfi\n";
		};
		D7126BA821EE1AF4007B32D3 /* Copy config.plist (DEBUG ONLY) */ = {
			isa = PBXShellScriptBuildPhase;
			buildActionMask = 2147483647;
			files = (
			);
			inputFileListPaths = (
			);
			inputPaths = (
			);
			name = "Copy config.plist (DEBUG ONLY)";
			outputFileListPaths = (
			);
			outputPaths = (
			);
			runOnlyForDeploymentPostprocessing = 0;
			shellPath = /bin/sh;
			shellScript = "if [ \"${CONFIGURATION}\" == \"Debug\" ]; then\n    cp -r \"${PROJECT_DIR}/${PRODUCT_NAME}/config.plist\" \"${BUILT_PRODUCTS_DIR}/${PRODUCT_NAME}.app\"\nfi\n";
		};
/* End PBXShellScriptBuildPhase section */

/* Begin PBXSourcesBuildPhase section */
		D7126B5421ECFE42007B32D3 /* Sources */ = {
			isa = PBXSourcesBuildPhase;
			buildActionMask = 2147483647;
			files = (
				D7126B6721ED011D007B32D3 /* ReverseGeocoderMock.swift in Sources */,
				D7126B6321ECFFA3007B32D3 /* DatabaseMock.swift in Sources */,
				D7126B8921EDFC1D007B32D3 /* TestUtils.swift in Sources */,
				D7126B8321EDF357007B32D3 /* WeatherCoordinateTests.swift in Sources */,
				D7126B8721EDFBFB007B32D3 /* WeatherCellViewModelTests.swift in Sources */,
				D7126B8021EDF1C3007B32D3 /* AppConfigTests.swift in Sources */,
				D7126B7E21EDEF8A007B32D3 /* XCTestCase+FatalError.swift in Sources */,
				D7126B6B21ED017A007B32D3 /* WeatherFetcherMock.swift in Sources */,
				D7126B6D21ED2E00007B32D3 /* ExtensionTests.swift in Sources */,
				D7126B5B21ECFE42007B32D3 /* MainViewModelTests.swift in Sources */,
				D7126B8521EDF3FC007B32D3 /* WeatherTests.swift in Sources */,
				D7126B8D21EE0022007B32D3 /* WeatherParserTests.swift in Sources */,
			);
			runOnlyForDeploymentPostprocessing = 0;
		};
		D7E39C341F33B13400D006AE /* Sources */ = {
			isa = PBXSourcesBuildPhase;
			buildActionMask = 2147483647;
			files = (
				D7EACFC31F3C4AA5008C9BDE /* MapsProtocol.swift in Sources */,
				D7126B7721EDE6FF007B32D3 /* LocalisedLabel.swift in Sources */,
				D708663B21E8BB150000E477 /* MainCoordinator+Maps.swift in Sources */,
				D7126B5321ECF6D5007B32D3 /* WeatherCellViewModel.swift in Sources */,
				D7E979591F8EB9CA0049E2A6 /* InfoViewController.swift in Sources */,
				D708664521E8CAEE0000E477 /* Int+Weather.swift in Sources */,
				D7DF65721F5F4A20008109C7 /* WeatherLoadError.swift in Sources */,
				D7E39C711F33BB5F00D006AE /* WeatherFetcher.swift in Sources */,
				D708662E21E8A62A0000E477 /* MainViewModel.swift in Sources */,
				D708663D21E8BB240000E477 /* WeatherCoordinate+Distance.swift in Sources */,
				D7D1BE331F7AFCD600F1AD6D /* GMSAddress+String.swift in Sources */,
				D7AEA79C1F5F3B86001CE3E4 /* WeatherCoordinate.swift in Sources */,
				D7E39C621F33B3A400D006AE /* Weather.swift in Sources */,
				D7D1BD2E1F799E2D00F1AD6D /* MainAlertProtocol.swift in Sources */,
				D7DF656F1F5F49CD008109C7 /* PickError.swift in Sources */,
				D708663921E8BAEF0000E477 /* OnboardingView.swift in Sources */,
				D7E39C721F33BB5F00D006AE /* WeatherFetcherProtocol.swift in Sources */,
				D7EACFFF1F3D02EF008C9BDE /* WeatherLocation.swift in Sources */,
				D7EACFBD1F3BB023008C9BDE /* WeatherListCell.swift in Sources */,
				D7E39C901F34AF0A00D006AE /* WeatherUnits.swift in Sources */,
				D7DF656B1F5F4990008109C7 /* InitialiseLoadError.swift in Sources */,
				D7EACFC11F3C4A46008C9BDE /* MainViewController+GooglePlaces.swift in Sources */,
				D7C23E3E1F85750E005A3DCB /* Date+Displayable.swift in Sources */,
				D79F485A1F58A5F700E1CB12 /* Database.swift in Sources */,
				D7D1BD2C1F799E0600F1AD6D /* MainViewController+Alerts.swift in Sources */,
				D708662C21E8A6180000E477 /* GMSReverseGeocoder.swift in Sources */,
				D708664321E8C9880000E477 /* WeatherListCell+Weather.swift in Sources */,
				D7E0F10A1FAA828A00C90A72 /* AnalyticsProtocol.swift in Sources */,
				D7E0F10C1FAA82EE00C90A72 /* AnalyticsFirebase.swift in Sources */,
				D7E39C571F33B2DD00D006AE /* AppDelegate.swift in Sources */,
				D7D1BE2E1F7AF0DD00F1AD6D /* DatabaseError.swift in Sources */,
				D79E826421E7FB2E00DAC211 /* MainCoordinator.swift in Sources */,
				D7126B7921EDE6FF007B32D3 /* LocalisedButton.swift in Sources */,
				D7126B7A21EDE6FF007B32D3 /* LocalisedBarButtonItem.swift in Sources */,
				D7E39C751F33BB5F00D006AE /* MainViewController.swift in Sources */,
				D7E39C7E1F33C29900D006AE /* WeatherJsonParser.swift in Sources */,
				D7126B4021ECD9E7007B32D3 /* GMSPlacePickerConfig+Coords.swift in Sources */,
				D7E39C741F33BB5F00D006AE /* WeatherRemoteFetcher.swift in Sources */,
				D71BD25321C3A5870093B258 /* AppConfig.swift in Sources */,
				D7126B7821EDE6FF007B32D3 /* LanguageSelectorView.swift in Sources */,
				D708664121E8C2930000E477 /* ReverseGeocoderProvider.swift in Sources */,
				D7E0F1101FAA849D00C90A72 /* AnalyticsEvents.swift in Sources */,
				D7E0F10E1FAA839000C90A72 /* AnalyticsFactory.swift in Sources */,
				D7126B7C21EDEF4C007B32D3 /* FatalErrorUtil.swift in Sources */,
				D751C9761F8569140028B890 /* Weather+Equatable.swift in Sources */,
				D7E39C731F33BB5F00D006AE /* WeatherLocalFetcher.swift in Sources */,
				D79F485C1F58A84C00E1CB12 /* DatabaseFirebase.swift in Sources */,
			);
			runOnlyForDeploymentPostprocessing = 0;
		};
/* End PBXSourcesBuildPhase section */

/* Begin PBXTargetDependency section */
		D7126B5E21ECFE42007B32D3 /* PBXTargetDependency */ = {
			isa = PBXTargetDependency;
			target = D7E39C371F33B13400D006AE /* CorkWeather */;
			targetProxy = D7126B5D21ECFE42007B32D3 /* PBXContainerItemProxy */;
		};
		D7126BA321EE176A007B32D3 /* PBXTargetDependency */ = {
			isa = PBXTargetDependency;
			name = "Proteus-UI";
			targetProxy = D7126BA221EE176A007B32D3 /* PBXContainerItemProxy */;
		};
		D7126BA521EE176D007B32D3 /* PBXTargetDependency */ = {
			isa = PBXTargetDependency;
			name = "Proteus-Core";
			targetProxy = D7126BA421EE176D007B32D3 /* PBXContainerItemProxy */;
		};
/* End PBXTargetDependency section */

/* Begin PBXVariantGroup section */
		D7E39C3F1F33B13400D006AE /* Main.storyboard */ = {
			isa = PBXVariantGroup;
			children = (
				D7E39C401F33B13400D006AE /* Base */,
			);
			name = Main.storyboard;
			sourceTree = "<group>";
		};
		D7E39C441F33B13400D006AE /* LaunchScreen.storyboard */ = {
			isa = PBXVariantGroup;
			children = (
				D7E39C451F33B13400D006AE /* Base */,
			);
			name = LaunchScreen.storyboard;
			sourceTree = "<group>";
		};
		D7E39C8E1F33D06600D006AE /* Localizable.strings */ = {
			isa = PBXVariantGroup;
			children = (
				D7E39C8D1F33D06600D006AE /* en */,
			);
			name = Localizable.strings;
			path = Localisation;
			sourceTree = "<group>";
		};
/* End PBXVariantGroup section */

/* Begin XCBuildConfiguration section */
		D7126B6021ECFE42007B32D3 /* Debug */ = {
			isa = XCBuildConfiguration;
			baseConfigurationReference = E795C8F9C34DAD854141C17D /* Pods-CorkWeatherTests.debug.xcconfig */;
			buildSettings = {
				BUNDLE_LOADER = "$(TEST_HOST)";
				CLANG_CXX_LANGUAGE_STANDARD = "gnu++14";
				CLANG_ENABLE_OBJC_WEAK = YES;
				CLANG_WARN_UNGUARDED_AVAILABILITY = YES_AGGRESSIVE;
				CODE_SIGN_IDENTITY = "iPhone Developer";
				CODE_SIGN_STYLE = Automatic;
				DEVELOPMENT_TEAM = 788EDYK9WX;
				GCC_C_LANGUAGE_STANDARD = gnu11;
				INFOPLIST_FILE = CorkWeatherTests/Info.plist;
				IPHONEOS_DEPLOYMENT_TARGET = 12.1;
				LD_RUNPATH_SEARCH_PATHS = "$(inherited) @executable_path/Frameworks @loader_path/Frameworks";
				MTL_ENABLE_DEBUG_INFO = INCLUDE_SOURCE;
				MTL_FAST_MATH = YES;
				PRODUCT_BUNDLE_IDENTIFIER = com.eddielong.CorkWeatherTests;
				PRODUCT_NAME = "$(TARGET_NAME)";
				SWIFT_VERSION = 4.2;
				TARGETED_DEVICE_FAMILY = "1,2";
				TEST_HOST = "$(BUILT_PRODUCTS_DIR)/CorkWeather.app/CorkWeather";
			};
			name = Debug;
		};
		D7126B6121ECFE42007B32D3 /* Release */ = {
			isa = XCBuildConfiguration;
			baseConfigurationReference = 4D8B1DBD48C049D034F3E779 /* Pods-CorkWeatherTests.release.xcconfig */;
			buildSettings = {
				BUNDLE_LOADER = "$(TEST_HOST)";
				CLANG_CXX_LANGUAGE_STANDARD = "gnu++14";
				CLANG_ENABLE_OBJC_WEAK = YES;
				CLANG_WARN_UNGUARDED_AVAILABILITY = YES_AGGRESSIVE;
				CODE_SIGN_IDENTITY = "iPhone Developer";
				CODE_SIGN_STYLE = Automatic;
				DEVELOPMENT_TEAM = 788EDYK9WX;
				GCC_C_LANGUAGE_STANDARD = gnu11;
				INFOPLIST_FILE = CorkWeatherTests/Info.plist;
				IPHONEOS_DEPLOYMENT_TARGET = 12.1;
				LD_RUNPATH_SEARCH_PATHS = "$(inherited) @executable_path/Frameworks @loader_path/Frameworks";
				MTL_FAST_MATH = YES;
				PRODUCT_BUNDLE_IDENTIFIER = com.eddielong.CorkWeatherTests;
				PRODUCT_NAME = "$(TARGET_NAME)";
				SWIFT_VERSION = 4.2;
				TARGETED_DEVICE_FAMILY = "1,2";
				TEST_HOST = "$(BUILT_PRODUCTS_DIR)/CorkWeather.app/CorkWeather";
			};
			name = Release;
		};
		D7E39C481F33B13400D006AE /* Debug */ = {
			isa = XCBuildConfiguration;
			buildSettings = {
				ALWAYS_SEARCH_USER_PATHS = NO;
				CLANG_ANALYZER_LOCALIZABILITY_NONLOCALIZED = YES;
				CLANG_ANALYZER_NONNULL = YES;
				CLANG_ANALYZER_NUMBER_OBJECT_CONVERSION = YES_AGGRESSIVE;
				CLANG_CXX_LANGUAGE_STANDARD = "gnu++0x";
				CLANG_CXX_LIBRARY = "libc++";
				CLANG_ENABLE_MODULES = YES;
				CLANG_ENABLE_OBJC_ARC = YES;
				CLANG_WARN_BLOCK_CAPTURE_AUTORELEASING = YES;
				CLANG_WARN_BOOL_CONVERSION = YES;
				CLANG_WARN_COMMA = YES;
				CLANG_WARN_CONSTANT_CONVERSION = YES;
				CLANG_WARN_DEPRECATED_OBJC_IMPLEMENTATIONS = YES;
				CLANG_WARN_DIRECT_OBJC_ISA_USAGE = YES_ERROR;
				CLANG_WARN_DOCUMENTATION_COMMENTS = YES;
				CLANG_WARN_EMPTY_BODY = YES;
				CLANG_WARN_ENUM_CONVERSION = YES;
				CLANG_WARN_INFINITE_RECURSION = YES;
				CLANG_WARN_INT_CONVERSION = YES;
				CLANG_WARN_NON_LITERAL_NULL_CONVERSION = YES;
				CLANG_WARN_OBJC_IMPLICIT_RETAIN_SELF = YES;
				CLANG_WARN_OBJC_LITERAL_CONVERSION = YES;
				CLANG_WARN_OBJC_ROOT_CLASS = YES_ERROR;
				CLANG_WARN_RANGE_LOOP_ANALYSIS = YES;
				CLANG_WARN_STRICT_PROTOTYPES = YES;
				CLANG_WARN_SUSPICIOUS_MOVE = YES;
				CLANG_WARN_UNREACHABLE_CODE = YES;
				CLANG_WARN__DUPLICATE_METHOD_MATCH = YES;
				"CODE_SIGN_IDENTITY[sdk=iphoneos*]" = "iPhone Developer";
				COPY_PHASE_STRIP = NO;
				DEBUG_INFORMATION_FORMAT = dwarf;
				ENABLE_STRICT_OBJC_MSGSEND = YES;
				ENABLE_TESTABILITY = YES;
				GCC_C_LANGUAGE_STANDARD = gnu99;
				GCC_DYNAMIC_NO_PIC = NO;
				GCC_NO_COMMON_BLOCKS = YES;
				GCC_OPTIMIZATION_LEVEL = 0;
				GCC_PREPROCESSOR_DEFINITIONS = (
					"DEBUG=1",
					"$(inherited)",
				);
				GCC_WARN_64_TO_32_BIT_CONVERSION = YES;
				GCC_WARN_ABOUT_RETURN_TYPE = YES_ERROR;
				GCC_WARN_UNDECLARED_SELECTOR = YES;
				GCC_WARN_UNINITIALIZED_AUTOS = YES_AGGRESSIVE;
				GCC_WARN_UNUSED_FUNCTION = YES;
				GCC_WARN_UNUSED_VARIABLE = YES;
				IPHONEOS_DEPLOYMENT_TARGET = 10.3;
				MTL_ENABLE_DEBUG_INFO = YES;
				ONLY_ACTIVE_ARCH = YES;
				SDKROOT = iphoneos;
				SWIFT_ACTIVE_COMPILATION_CONDITIONS = DEBUG;
				SWIFT_OPTIMIZATION_LEVEL = "-Onone";
				TARGETED_DEVICE_FAMILY = "1,2";
			};
			name = Debug;
		};
		D7E39C491F33B13400D006AE /* Release */ = {
			isa = XCBuildConfiguration;
			buildSettings = {
				ALWAYS_SEARCH_USER_PATHS = NO;
				CLANG_ANALYZER_LOCALIZABILITY_NONLOCALIZED = YES;
				CLANG_ANALYZER_NONNULL = YES;
				CLANG_ANALYZER_NUMBER_OBJECT_CONVERSION = YES_AGGRESSIVE;
				CLANG_CXX_LANGUAGE_STANDARD = "gnu++0x";
				CLANG_CXX_LIBRARY = "libc++";
				CLANG_ENABLE_MODULES = YES;
				CLANG_ENABLE_OBJC_ARC = YES;
				CLANG_WARN_BLOCK_CAPTURE_AUTORELEASING = YES;
				CLANG_WARN_BOOL_CONVERSION = YES;
				CLANG_WARN_COMMA = YES;
				CLANG_WARN_CONSTANT_CONVERSION = YES;
				CLANG_WARN_DEPRECATED_OBJC_IMPLEMENTATIONS = YES;
				CLANG_WARN_DIRECT_OBJC_ISA_USAGE = YES_ERROR;
				CLANG_WARN_DOCUMENTATION_COMMENTS = YES;
				CLANG_WARN_EMPTY_BODY = YES;
				CLANG_WARN_ENUM_CONVERSION = YES;
				CLANG_WARN_INFINITE_RECURSION = YES;
				CLANG_WARN_INT_CONVERSION = YES;
				CLANG_WARN_NON_LITERAL_NULL_CONVERSION = YES;
				CLANG_WARN_OBJC_IMPLICIT_RETAIN_SELF = YES;
				CLANG_WARN_OBJC_LITERAL_CONVERSION = YES;
				CLANG_WARN_OBJC_ROOT_CLASS = YES_ERROR;
				CLANG_WARN_RANGE_LOOP_ANALYSIS = YES;
				CLANG_WARN_STRICT_PROTOTYPES = YES;
				CLANG_WARN_SUSPICIOUS_MOVE = YES;
				CLANG_WARN_UNREACHABLE_CODE = YES;
				CLANG_WARN__DUPLICATE_METHOD_MATCH = YES;
				"CODE_SIGN_IDENTITY[sdk=iphoneos*]" = "iPhone Developer";
				COPY_PHASE_STRIP = NO;
				DEBUG_INFORMATION_FORMAT = "dwarf-with-dsym";
				ENABLE_NS_ASSERTIONS = NO;
				ENABLE_STRICT_OBJC_MSGSEND = YES;
				GCC_C_LANGUAGE_STANDARD = gnu99;
				GCC_NO_COMMON_BLOCKS = YES;
				GCC_WARN_64_TO_32_BIT_CONVERSION = YES;
				GCC_WARN_ABOUT_RETURN_TYPE = YES_ERROR;
				GCC_WARN_UNDECLARED_SELECTOR = YES;
				GCC_WARN_UNINITIALIZED_AUTOS = YES_AGGRESSIVE;
				GCC_WARN_UNUSED_FUNCTION = YES;
				GCC_WARN_UNUSED_VARIABLE = YES;
				IPHONEOS_DEPLOYMENT_TARGET = 10.3;
				MTL_ENABLE_DEBUG_INFO = NO;
				SDKROOT = iphoneos;
				SWIFT_OPTIMIZATION_LEVEL = "-Owholemodule";
				TARGETED_DEVICE_FAMILY = "1,2";
				VALIDATE_PRODUCT = YES;
			};
			name = Release;
		};
		D7E39C4B1F33B13400D006AE /* Debug */ = {
			isa = XCBuildConfiguration;
			baseConfigurationReference = 9B56203EBBE4934156980023 /* Pods-CorkWeather.debug.xcconfig */;
			buildSettings = {
				ASSETCATALOG_COMPILER_APPICON_NAME = AppIcon;
				DEVELOPMENT_TEAM = XFV7ZQHJ8V;
				INFOPLIST_FILE = CorkWeather/Info.plist;
				IPHONEOS_DEPLOYMENT_TARGET = 10.0;
				LD_RUNPATH_SEARCH_PATHS = "$(inherited) @executable_path/Frameworks";
				PRODUCT_BUNDLE_IDENTIFIER = "com.eddielong.Cork-Weather";
				PRODUCT_NAME = "$(TARGET_NAME)";
				SWIFT_VERSION = 4.2;
			};
			name = Debug;
		};
		D7E39C4C1F33B13400D006AE /* Release */ = {
			isa = XCBuildConfiguration;
			baseConfigurationReference = FD4A74B8A8D40B66F1391E0A /* Pods-CorkWeather.release.xcconfig */;
			buildSettings = {
				ASSETCATALOG_COMPILER_APPICON_NAME = AppIcon;
				DEVELOPMENT_TEAM = XFV7ZQHJ8V;
				INFOPLIST_FILE = CorkWeather/Info.plist;
				IPHONEOS_DEPLOYMENT_TARGET = 10.0;
				LD_RUNPATH_SEARCH_PATHS = "$(inherited) @executable_path/Frameworks";
				PRODUCT_BUNDLE_IDENTIFIER = "com.eddielong.Cork-Weather";
				PRODUCT_NAME = "$(TARGET_NAME)";
				SWIFT_VERSION = 4.2;
			};
			name = Release;
		};
/* End XCBuildConfiguration section */

/* Begin XCConfigurationList section */
		D7126B5F21ECFE42007B32D3 /* Build configuration list for PBXNativeTarget "CorkWeatherTests" */ = {
			isa = XCConfigurationList;
			buildConfigurations = (
				D7126B6021ECFE42007B32D3 /* Debug */,
				D7126B6121ECFE42007B32D3 /* Release */,
			);
			defaultConfigurationIsVisible = 0;
			defaultConfigurationName = Release;
		};
		D7E39C331F33B13400D006AE /* Build configuration list for PBXProject "CorkWeather" */ = {
			isa = XCConfigurationList;
			buildConfigurations = (
				D7E39C481F33B13400D006AE /* Debug */,
				D7E39C491F33B13400D006AE /* Release */,
			);
			defaultConfigurationIsVisible = 0;
			defaultConfigurationName = Release;
		};
		D7E39C4A1F33B13400D006AE /* Build configuration list for PBXNativeTarget "CorkWeather" */ = {
			isa = XCConfigurationList;
			buildConfigurations = (
				D7E39C4B1F33B13400D006AE /* Debug */,
				D7E39C4C1F33B13400D006AE /* Release */,
			);
			defaultConfigurationIsVisible = 0;
			defaultConfigurationName = Release;
		};
/* End XCConfigurationList section */
	};
	rootObject = D7E39C301F33B13400D006AE /* Project object */;
}
