// !$*UTF8*$!
{
	archiveVersion = 1;
	classes = {
	};
	objectVersion = 46;
	objects = {

/* Begin PBXBuildFile section */
		1DAB663994C46CC04DC8E2C7 /* Pods_Cork_Weather.framework in Frameworks */ = {isa = PBXBuildFile; fileRef = 34E0B3BA1203C7E8EC3698FE /* Pods_Cork_Weather.framework */; };
		D709AAF41F61E43900CD546B /* LogLine.swift in Sources */ = {isa = PBXBuildFile; fileRef = D709AAF31F61E43900CD546B /* LogLine.swift */; };
		D709AAF61F61E49400CD546B /* LogHandler.swift in Sources */ = {isa = PBXBuildFile; fileRef = D709AAF51F61E49400CD546B /* LogHandler.swift */; };
		D709AAF81F61E4D800CD546B /* DefaultLogHandler.swift in Sources */ = {isa = PBXBuildFile; fileRef = D709AAF71F61E4D800CD546B /* DefaultLogHandler.swift */; };
		D74A40251F61DB3C007DBCC1 /* Log.swift in Sources */ = {isa = PBXBuildFile; fileRef = D74A40241F61DB3C007DBCC1 /* Log.swift */; };
		D74A40271F61DB50007DBCC1 /* LogLevel.swift in Sources */ = {isa = PBXBuildFile; fileRef = D74A40261F61DB50007DBCC1 /* LogLevel.swift */; };
		D79F485A1F58A5F700E1CB12 /* Database.swift in Sources */ = {isa = PBXBuildFile; fileRef = D79F48591F58A5F700E1CB12 /* Database.swift */; };
		D79F485C1F58A84C00E1CB12 /* DatabaseFirebase.swift in Sources */ = {isa = PBXBuildFile; fileRef = D79F485B1F58A84C00E1CB12 /* DatabaseFirebase.swift */; };
		D79F485E1F58B30300E1CB12 /* GoogleService-Info.plist in Resources */ = {isa = PBXBuildFile; fileRef = D79F485D1F58B30300E1CB12 /* GoogleService-Info.plist */; };
		D7AEA79C1F5F3B86001CE3E4 /* WeatherCoordinate.swift in Sources */ = {isa = PBXBuildFile; fileRef = D7AEA79B1F5F3B86001CE3E4 /* WeatherCoordinate.swift */; };
		D7DF656B1F5F4990008109C7 /* InitialiseLoadError.swift in Sources */ = {isa = PBXBuildFile; fileRef = D7DF656A1F5F4990008109C7 /* InitialiseLoadError.swift */; };
		D7DF656F1F5F49CD008109C7 /* PickError.swift in Sources */ = {isa = PBXBuildFile; fileRef = D7DF656D1F5F49CD008109C7 /* PickError.swift */; };
		D7DF65701F5F49CD008109C7 /* Result.swift in Sources */ = {isa = PBXBuildFile; fileRef = D7DF656E1F5F49CD008109C7 /* Result.swift */; };
		D7DF65721F5F4A20008109C7 /* WeatherLoadError.swift in Sources */ = {isa = PBXBuildFile; fileRef = D7DF65711F5F4A20008109C7 /* WeatherLoadError.swift */; };
		D7E39C411F33B13400D006AE /* Main.storyboard in Resources */ = {isa = PBXBuildFile; fileRef = D7E39C3F1F33B13400D006AE /* Main.storyboard */; };
		D7E39C431F33B13400D006AE /* Assets.xcassets in Resources */ = {isa = PBXBuildFile; fileRef = D7E39C421F33B13400D006AE /* Assets.xcassets */; };
		D7E39C461F33B13400D006AE /* LaunchScreen.storyboard in Resources */ = {isa = PBXBuildFile; fileRef = D7E39C441F33B13400D006AE /* LaunchScreen.storyboard */; };
		D7E39C571F33B2DD00D006AE /* AppDelegate.swift in Sources */ = {isa = PBXBuildFile; fileRef = D7E39C541F33B2DD00D006AE /* AppDelegate.swift */; };
		D7E39C5C1F33B2EA00D006AE /* CorkResponse.json in Resources */ = {isa = PBXBuildFile; fileRef = D7E39C5B1F33B2EA00D006AE /* CorkResponse.json */; };
		D7E39C621F33B3A400D006AE /* Weather.swift in Sources */ = {isa = PBXBuildFile; fileRef = D7E39C611F33B3A400D006AE /* Weather.swift */; };
		D7E39C711F33BB5F00D006AE /* WeatherFetcher.swift in Sources */ = {isa = PBXBuildFile; fileRef = D7E39C6B1F33BB5F00D006AE /* WeatherFetcher.swift */; };
		D7E39C721F33BB5F00D006AE /* WeatherFetcherProtocol.swift in Sources */ = {isa = PBXBuildFile; fileRef = D7E39C6C1F33BB5F00D006AE /* WeatherFetcherProtocol.swift */; };
		D7E39C731F33BB5F00D006AE /* WeatherLocalFetcher.swift in Sources */ = {isa = PBXBuildFile; fileRef = D7E39C6D1F33BB5F00D006AE /* WeatherLocalFetcher.swift */; };
		D7E39C741F33BB5F00D006AE /* WeatherRemoteFetcher.swift in Sources */ = {isa = PBXBuildFile; fileRef = D7E39C6E1F33BB5F00D006AE /* WeatherRemoteFetcher.swift */; };
		D7E39C751F33BB5F00D006AE /* MainViewController.swift in Sources */ = {isa = PBXBuildFile; fileRef = D7E39C701F33BB5F00D006AE /* MainViewController.swift */; };
		D7E39C7A1F33BBD400D006AE /* WeatherViewProtocol.swift in Sources */ = {isa = PBXBuildFile; fileRef = D7E39C791F33BBD400D006AE /* WeatherViewProtocol.swift */; };
		D7E39C7C1F33BBE700D006AE /* WeatherPresenter.swift in Sources */ = {isa = PBXBuildFile; fileRef = D7E39C7B1F33BBE700D006AE /* WeatherPresenter.swift */; };
		D7E39C7E1F33C29900D006AE /* WeatherJsonParser.swift in Sources */ = {isa = PBXBuildFile; fileRef = D7E39C7D1F33C29900D006AE /* WeatherJsonParser.swift */; };
		D7E39C801F33C7C900D006AE /* WeatherPresenterProtocol.swift in Sources */ = {isa = PBXBuildFile; fileRef = D7E39C7F1F33C7C900D006AE /* WeatherPresenterProtocol.swift */; };
		D7E39C881F33CF0F00D006AE /* Strings.swift in Sources */ = {isa = PBXBuildFile; fileRef = D7E39C871F33CF0F00D006AE /* Strings.swift */; };
		D7E39C8C1F33D06600D006AE /* Localizable.strings in Resources */ = {isa = PBXBuildFile; fileRef = D7E39C8E1F33D06600D006AE /* Localizable.strings */; };
		D7E39C901F34AF0A00D006AE /* WeatherUnits.swift in Sources */ = {isa = PBXBuildFile; fileRef = D7E39C8F1F34AF0A00D006AE /* WeatherUnits.swift */; };
		D7EACFBD1F3BB023008C9BDE /* WeatherListCell.swift in Sources */ = {isa = PBXBuildFile; fileRef = D7EACFBC1F3BB023008C9BDE /* WeatherListCell.swift */; };
		D7EACFC11F3C4A46008C9BDE /* MainViewController+GooglePlaces.swift in Sources */ = {isa = PBXBuildFile; fileRef = D7EACFC01F3C4A46008C9BDE /* MainViewController+GooglePlaces.swift */; };
		D7EACFC31F3C4AA5008C9BDE /* MapsProtocol.swift in Sources */ = {isa = PBXBuildFile; fileRef = D7EACFC21F3C4AA5008C9BDE /* MapsProtocol.swift */; };
		D7EACFFF1F3D02EF008C9BDE /* WeatherLocation.swift in Sources */ = {isa = PBXBuildFile; fileRef = D7EACFFE1F3D02EF008C9BDE /* WeatherLocation.swift */; };
		D7EAD0011F3D093B008C9BDE /* GMSAddress+String.swift in Sources */ = {isa = PBXBuildFile; fileRef = D7EAD0001F3D093B008C9BDE /* GMSAddress+String.swift */; };
/* End PBXBuildFile section */

/* Begin PBXFileReference section */
		34E0B3BA1203C7E8EC3698FE /* Pods_Cork_Weather.framework */ = {isa = PBXFileReference; explicitFileType = wrapper.framework; includeInIndex = 0; path = Pods_Cork_Weather.framework; sourceTree = BUILT_PRODUCTS_DIR; };
		361EF9CBDFBCF3409D941095 /* Pods-Cork Weather.release.xcconfig */ = {isa = PBXFileReference; includeInIndex = 1; lastKnownFileType = text.xcconfig; name = "Pods-Cork Weather.release.xcconfig"; path = "Pods/Target Support Files/Pods-Cork Weather/Pods-Cork Weather.release.xcconfig"; sourceTree = "<group>"; };
		60ED2C758B4186B9D40930BA /* Pods-Cork Weather.debug.xcconfig */ = {isa = PBXFileReference; includeInIndex = 1; lastKnownFileType = text.xcconfig; name = "Pods-Cork Weather.debug.xcconfig"; path = "Pods/Target Support Files/Pods-Cork Weather/Pods-Cork Weather.debug.xcconfig"; sourceTree = "<group>"; };
		D709AAF31F61E43900CD546B /* LogLine.swift */ = {isa = PBXFileReference; fileEncoding = 4; lastKnownFileType = sourcecode.swift; name = LogLine.swift; path = Logs/LogLine.swift; sourceTree = "<group>"; };
		D709AAF51F61E49400CD546B /* LogHandler.swift */ = {isa = PBXFileReference; fileEncoding = 4; lastKnownFileType = sourcecode.swift; name = LogHandler.swift; path = Logs/LogHandler.swift; sourceTree = "<group>"; };
		D709AAF71F61E4D800CD546B /* DefaultLogHandler.swift */ = {isa = PBXFileReference; fileEncoding = 4; lastKnownFileType = sourcecode.swift; name = DefaultLogHandler.swift; path = Logs/DefaultLogHandler.swift; sourceTree = "<group>"; };
		D74A40241F61DB3C007DBCC1 /* Log.swift */ = {isa = PBXFileReference; fileEncoding = 4; lastKnownFileType = sourcecode.swift; name = Log.swift; path = Logs/Log.swift; sourceTree = "<group>"; };
		D74A40261F61DB50007DBCC1 /* LogLevel.swift */ = {isa = PBXFileReference; fileEncoding = 4; lastKnownFileType = sourcecode.swift; name = LogLevel.swift; path = Logs/LogLevel.swift; sourceTree = "<group>"; };
		D79F48591F58A5F700E1CB12 /* Database.swift */ = {isa = PBXFileReference; fileEncoding = 4; lastKnownFileType = sourcecode.swift; name = Database.swift; path = Database/Database.swift; sourceTree = "<group>"; };
		D79F485B1F58A84C00E1CB12 /* DatabaseFirebase.swift */ = {isa = PBXFileReference; fileEncoding = 4; lastKnownFileType = sourcecode.swift; name = DatabaseFirebase.swift; path = Database/DatabaseFirebase.swift; sourceTree = "<group>"; };
		D79F485D1F58B30300E1CB12 /* GoogleService-Info.plist */ = {isa = PBXFileReference; fileEncoding = 4; lastKnownFileType = text.plist.xml; path = "GoogleService-Info.plist"; sourceTree = "<group>"; };
		D7AEA79B1F5F3B86001CE3E4 /* WeatherCoordinate.swift */ = {isa = PBXFileReference; fileEncoding = 4; lastKnownFileType = sourcecode.swift; path = WeatherCoordinate.swift; sourceTree = "<group>"; };
		D7DF656A1F5F4990008109C7 /* InitialiseLoadError.swift */ = {isa = PBXFileReference; fileEncoding = 4; lastKnownFileType = sourcecode.swift; name = InitialiseLoadError.swift; path = Errors/InitialiseLoadError.swift; sourceTree = "<group>"; };
		D7DF656D1F5F49CD008109C7 /* PickError.swift */ = {isa = PBXFileReference; fileEncoding = 4; lastKnownFileType = sourcecode.swift; name = PickError.swift; path = Errors/PickError.swift; sourceTree = "<group>"; };
		D7DF656E1F5F49CD008109C7 /* Result.swift */ = {isa = PBXFileReference; fileEncoding = 4; lastKnownFileType = sourcecode.swift; name = Result.swift; path = Errors/Result.swift; sourceTree = "<group>"; };
		D7DF65711F5F4A20008109C7 /* WeatherLoadError.swift */ = {isa = PBXFileReference; fileEncoding = 4; lastKnownFileType = sourcecode.swift; name = WeatherLoadError.swift; path = Errors/WeatherLoadError.swift; sourceTree = "<group>"; };
		D7E39C381F33B13400D006AE /* Cork Weather.app */ = {isa = PBXFileReference; explicitFileType = wrapper.application; includeInIndex = 0; path = "Cork Weather.app"; sourceTree = BUILT_PRODUCTS_DIR; };
		D7E39C401F33B13400D006AE /* Base */ = {isa = PBXFileReference; lastKnownFileType = file.storyboard; name = Base; path = Base.lproj/Main.storyboard; sourceTree = "<group>"; };
		D7E39C421F33B13400D006AE /* Assets.xcassets */ = {isa = PBXFileReference; lastKnownFileType = folder.assetcatalog; path = Assets.xcassets; sourceTree = "<group>"; };
		D7E39C451F33B13400D006AE /* Base */ = {isa = PBXFileReference; lastKnownFileType = file.storyboard; name = Base; path = Base.lproj/LaunchScreen.storyboard; sourceTree = "<group>"; };
		D7E39C471F33B13400D006AE /* Info.plist */ = {isa = PBXFileReference; lastKnownFileType = text.plist.xml; path = Info.plist; sourceTree = "<group>"; };
		D7E39C541F33B2DD00D006AE /* AppDelegate.swift */ = {isa = PBXFileReference; fileEncoding = 4; lastKnownFileType = sourcecode.swift; path = AppDelegate.swift; sourceTree = "<group>"; };
		D7E39C5B1F33B2EA00D006AE /* CorkResponse.json */ = {isa = PBXFileReference; fileEncoding = 4; lastKnownFileType = text.json; path = CorkResponse.json; sourceTree = "<group>"; };
		D7E39C611F33B3A400D006AE /* Weather.swift */ = {isa = PBXFileReference; fileEncoding = 4; lastKnownFileType = sourcecode.swift; path = Weather.swift; sourceTree = "<group>"; };
		D7E39C6B1F33BB5F00D006AE /* WeatherFetcher.swift */ = {isa = PBXFileReference; fileEncoding = 4; lastKnownFileType = sourcecode.swift; path = WeatherFetcher.swift; sourceTree = "<group>"; };
		D7E39C6C1F33BB5F00D006AE /* WeatherFetcherProtocol.swift */ = {isa = PBXFileReference; fileEncoding = 4; lastKnownFileType = sourcecode.swift; path = WeatherFetcherProtocol.swift; sourceTree = "<group>"; };
		D7E39C6D1F33BB5F00D006AE /* WeatherLocalFetcher.swift */ = {isa = PBXFileReference; fileEncoding = 4; lastKnownFileType = sourcecode.swift; path = WeatherLocalFetcher.swift; sourceTree = "<group>"; };
		D7E39C6E1F33BB5F00D006AE /* WeatherRemoteFetcher.swift */ = {isa = PBXFileReference; fileEncoding = 4; lastKnownFileType = sourcecode.swift; path = WeatherRemoteFetcher.swift; sourceTree = "<group>"; };
		D7E39C701F33BB5F00D006AE /* MainViewController.swift */ = {isa = PBXFileReference; fileEncoding = 4; lastKnownFileType = sourcecode.swift; path = MainViewController.swift; sourceTree = "<group>"; };
		D7E39C791F33BBD400D006AE /* WeatherViewProtocol.swift */ = {isa = PBXFileReference; fileEncoding = 4; lastKnownFileType = sourcecode.swift; name = WeatherViewProtocol.swift; path = Presenters/WeatherViewProtocol.swift; sourceTree = "<group>"; };
		D7E39C7B1F33BBE700D006AE /* WeatherPresenter.swift */ = {isa = PBXFileReference; fileEncoding = 4; lastKnownFileType = sourcecode.swift; name = WeatherPresenter.swift; path = Presenters/WeatherPresenter.swift; sourceTree = "<group>"; };
		D7E39C7D1F33C29900D006AE /* WeatherJsonParser.swift */ = {isa = PBXFileReference; fileEncoding = 4; lastKnownFileType = sourcecode.swift; path = WeatherJsonParser.swift; sourceTree = "<group>"; };
		D7E39C7F1F33C7C900D006AE /* WeatherPresenterProtocol.swift */ = {isa = PBXFileReference; fileEncoding = 4; lastKnownFileType = sourcecode.swift; name = WeatherPresenterProtocol.swift; path = Presenters/WeatherPresenterProtocol.swift; sourceTree = "<group>"; };
		D7E39C871F33CF0F00D006AE /* Strings.swift */ = {isa = PBXFileReference; fileEncoding = 4; lastKnownFileType = sourcecode.swift; path = Strings.swift; sourceTree = "<group>"; };
		D7E39C8D1F33D06600D006AE /* en */ = {isa = PBXFileReference; lastKnownFileType = text.plist.strings; name = en; path = en.lproj/Localizable.strings; sourceTree = "<group>"; };
		D7E39C8F1F34AF0A00D006AE /* WeatherUnits.swift */ = {isa = PBXFileReference; fileEncoding = 4; lastKnownFileType = sourcecode.swift; path = WeatherUnits.swift; sourceTree = "<group>"; };
		D7EACFBC1F3BB023008C9BDE /* WeatherListCell.swift */ = {isa = PBXFileReference; fileEncoding = 4; lastKnownFileType = sourcecode.swift; path = WeatherListCell.swift; sourceTree = "<group>"; };
		D7EACFC01F3C4A46008C9BDE /* MainViewController+GooglePlaces.swift */ = {isa = PBXFileReference; fileEncoding = 4; lastKnownFileType = sourcecode.swift; path = "MainViewController+GooglePlaces.swift"; sourceTree = "<group>"; };
		D7EACFC21F3C4AA5008C9BDE /* MapsProtocol.swift */ = {isa = PBXFileReference; fileEncoding = 4; lastKnownFileType = sourcecode.swift; path = MapsProtocol.swift; sourceTree = "<group>"; };
		D7EACFFE1F3D02EF008C9BDE /* WeatherLocation.swift */ = {isa = PBXFileReference; fileEncoding = 4; lastKnownFileType = sourcecode.swift; path = WeatherLocation.swift; sourceTree = "<group>"; };
		D7EAD0001F3D093B008C9BDE /* GMSAddress+String.swift */ = {isa = PBXFileReference; fileEncoding = 4; lastKnownFileType = sourcecode.swift; path = "GMSAddress+String.swift"; sourceTree = "<group>"; };
/* End PBXFileReference section */

/* Begin PBXFrameworksBuildPhase section */
		D7E39C351F33B13400D006AE /* Frameworks */ = {
			isa = PBXFrameworksBuildPhase;
			buildActionMask = 2147483647;
			files = (
				1DAB663994C46CC04DC8E2C7 /* Pods_Cork_Weather.framework in Frameworks */,
			);
			runOnlyForDeploymentPostprocessing = 0;
		};
/* End PBXFrameworksBuildPhase section */

/* Begin PBXGroup section */
		3694A631A422F5FA8B46CD62 /* Frameworks */ = {
			isa = PBXGroup;
			children = (
				34E0B3BA1203C7E8EC3698FE /* Pods_Cork_Weather.framework */,
			);
			name = Frameworks;
			sourceTree = "<group>";
		};
		D64DC37E533CFAB4484B3101 /* Pods */ = {
			isa = PBXGroup;
			children = (
				60ED2C758B4186B9D40930BA /* Pods-Cork Weather.debug.xcconfig */,
				361EF9CBDFBCF3409D941095 /* Pods-Cork Weather.release.xcconfig */,
			);
			name = Pods;
			sourceTree = "<group>";
		};
		D74A40231F61DB22007DBCC1 /* Logs */ = {
			isa = PBXGroup;
			children = (
				D74A40241F61DB3C007DBCC1 /* Log.swift */,
				D74A40261F61DB50007DBCC1 /* LogLevel.swift */,
				D709AAF31F61E43900CD546B /* LogLine.swift */,
				D709AAF51F61E49400CD546B /* LogHandler.swift */,
				D709AAF71F61E4D800CD546B /* DefaultLogHandler.swift */,
			);
			name = Logs;
			sourceTree = "<group>";
		};
		D79F48581F58A5ED00E1CB12 /* Database */ = {
			isa = PBXGroup;
			children = (
				D79F48591F58A5F700E1CB12 /* Database.swift */,
				D79F485B1F58A84C00E1CB12 /* DatabaseFirebase.swift */,
			);
			name = Database;
			sourceTree = "<group>";
		};
		D7DF656C1F5F4999008109C7 /* Errors */ = {
			isa = PBXGroup;
			children = (
				D7DF656D1F5F49CD008109C7 /* PickError.swift */,
				D7DF656E1F5F49CD008109C7 /* Result.swift */,
				D7DF656A1F5F4990008109C7 /* InitialiseLoadError.swift */,
				D7DF65711F5F4A20008109C7 /* WeatherLoadError.swift */,
			);
			name = Errors;
			sourceTree = "<group>";
		};
		D7E39C2F1F33B13400D006AE = {
			isa = PBXGroup;
			children = (
				D7E39C3A1F33B13400D006AE /* Cork Weather */,
				D7E39C391F33B13400D006AE /* Products */,
				D64DC37E533CFAB4484B3101 /* Pods */,
				3694A631A422F5FA8B46CD62 /* Frameworks */,
			);
			sourceTree = "<group>";
		};
		D7E39C391F33B13400D006AE /* Products */ = {
			isa = PBXGroup;
			children = (
				D7E39C381F33B13400D006AE /* Cork Weather.app */,
			);
			name = Products;
			sourceTree = "<group>";
		};
		D7E39C3A1F33B13400D006AE /* Cork Weather */ = {
			isa = PBXGroup;
			children = (
				D7E39C5A1F33B2EA00D006AE /* Assets */,
				D7E39C531F33B2DD00D006AE /* Source */,
				D7E39C3F1F33B13400D006AE /* Main.storyboard */,
				D7E39C421F33B13400D006AE /* Assets.xcassets */,
				D7E39C441F33B13400D006AE /* LaunchScreen.storyboard */,
				D7E39C471F33B13400D006AE /* Info.plist */,
				D79F485D1F58B30300E1CB12 /* GoogleService-Info.plist */,
			);
			path = "Cork Weather";
			sourceTree = "<group>";
		};
		D7E39C531F33B2DD00D006AE /* Source */ = {
			isa = PBXGroup;
			children = (
				D74A40231F61DB22007DBCC1 /* Logs */,
				D7DF656C1F5F4999008109C7 /* Errors */,
				D79F48581F58A5ED00E1CB12 /* Database */,
				D7E39C781F33BB9C00D006AE /* Presenters */,
				D7E39C6A1F33BB5F00D006AE /* Fetcher */,
				D7E39C601F33B3A400D006AE /* Model */,
				D7E39C6F1F33BB5F00D006AE /* UI */,
				D7E39C541F33B2DD00D006AE /* AppDelegate.swift */,
				D7E39C871F33CF0F00D006AE /* Strings.swift */,
				D7EAD0001F3D093B008C9BDE /* GMSAddress+String.swift */,
			);
			path = Source;
			sourceTree = "<group>";
		};
		D7E39C5A1F33B2EA00D006AE /* Assets */ = {
			isa = PBXGroup;
			children = (
				D7E39C8B1F33CF9000D006AE /* Locaisation */,
				D7E39C5B1F33B2EA00D006AE /* CorkResponse.json */,
			);
			path = Assets;
			sourceTree = "<group>";
		};
		D7E39C601F33B3A400D006AE /* Model */ = {
			isa = PBXGroup;
			children = (
				D7E39C611F33B3A400D006AE /* Weather.swift */,
				D7E39C8F1F34AF0A00D006AE /* WeatherUnits.swift */,
				D7EACFFE1F3D02EF008C9BDE /* WeatherLocation.swift */,
				D7AEA79B1F5F3B86001CE3E4 /* WeatherCoordinate.swift */,
			);
			path = Model;
			sourceTree = "<group>";
		};
		D7E39C6A1F33BB5F00D006AE /* Fetcher */ = {
			isa = PBXGroup;
			children = (
				D7E39C6B1F33BB5F00D006AE /* WeatherFetcher.swift */,
				D7E39C6C1F33BB5F00D006AE /* WeatherFetcherProtocol.swift */,
				D7E39C6D1F33BB5F00D006AE /* WeatherLocalFetcher.swift */,
				D7E39C6E1F33BB5F00D006AE /* WeatherRemoteFetcher.swift */,
				D7E39C7D1F33C29900D006AE /* WeatherJsonParser.swift */,
			);
			path = Fetcher;
			sourceTree = "<group>";
		};
		D7E39C6F1F33BB5F00D006AE /* UI */ = {
			isa = PBXGroup;
			children = (
				D7E39C701F33BB5F00D006AE /* MainViewController.swift */,
				D7EACFBC1F3BB023008C9BDE /* WeatherListCell.swift */,
				D7EACFC01F3C4A46008C9BDE /* MainViewController+GooglePlaces.swift */,
				D7EACFC21F3C4AA5008C9BDE /* MapsProtocol.swift */,
			);
			path = UI;
			sourceTree = "<group>";
		};
		D7E39C781F33BB9C00D006AE /* Presenters */ = {
			isa = PBXGroup;
			children = (
				D7E39C7B1F33BBE700D006AE /* WeatherPresenter.swift */,
				D7E39C791F33BBD400D006AE /* WeatherViewProtocol.swift */,
				D7E39C7F1F33C7C900D006AE /* WeatherPresenterProtocol.swift */,
			);
			name = Presenters;
			sourceTree = "<group>";
		};
		D7E39C8B1F33CF9000D006AE /* Locaisation */ = {
			isa = PBXGroup;
			children = (
				D7E39C8E1F33D06600D006AE /* Localizable.strings */,
			);
			name = Locaisation;
			sourceTree = "<group>";
		};
/* End PBXGroup section */

/* Begin PBXNativeTarget section */
		D7E39C371F33B13400D006AE /* Cork Weather */ = {
			isa = PBXNativeTarget;
			buildConfigurationList = D7E39C4A1F33B13400D006AE /* Build configuration list for PBXNativeTarget "Cork Weather" */;
			buildPhases = (
				60FDFB8451D00568F513B7FA /* [CP] Check Pods Manifest.lock */,
				D7E39C341F33B13400D006AE /* Sources */,
				D7E39C351F33B13400D006AE /* Frameworks */,
				D7E39C361F33B13400D006AE /* Resources */,
				F7E1536C6E4E4D9A3AD276AA /* [CP] Embed Pods Frameworks */,
				E2BE45BA712449935D047A3D /* [CP] Copy Pods Resources */,
			);
			buildRules = (
			);
			dependencies = (
			);
			name = "Cork Weather";
			productName = "Cork Weather";
			productReference = D7E39C381F33B13400D006AE /* Cork Weather.app */;
			productType = "com.apple.product-type.application";
		};
/* End PBXNativeTarget section */

/* Begin PBXProject section */
		D7E39C301F33B13400D006AE /* Project object */ = {
			isa = PBXProject;
			attributes = {
				LastSwiftUpdateCheck = 0830;
				LastUpgradeCheck = 0830;
				ORGANIZATIONNAME = eddielong;
				TargetAttributes = {
					D7E39C371F33B13400D006AE = {
						CreatedOnToolsVersion = 8.3.3;
						DevelopmentTeam = XFV7ZQHJ8V;
						ProvisioningStyle = Automatic;
					};
				};
			};
			buildConfigurationList = D7E39C331F33B13400D006AE /* Build configuration list for PBXProject "Cork Weather" */;
			compatibilityVersion = "Xcode 3.2";
			developmentRegion = English;
			hasScannedForEncodings = 0;
			knownRegions = (
				en,
				Base,
			);
			mainGroup = D7E39C2F1F33B13400D006AE;
			productRefGroup = D7E39C391F33B13400D006AE /* Products */;
			projectDirPath = "";
			projectRoot = "";
			targets = (
				D7E39C371F33B13400D006AE /* Cork Weather */,
			);
		};
/* End PBXProject section */

/* Begin PBXResourcesBuildPhase section */
		D7E39C361F33B13400D006AE /* Resources */ = {
			isa = PBXResourcesBuildPhase;
			buildActionMask = 2147483647;
			files = (
				D7E39C461F33B13400D006AE /* LaunchScreen.storyboard in Resources */,
				D7E39C431F33B13400D006AE /* Assets.xcassets in Resources */,
				D7E39C411F33B13400D006AE /* Main.storyboard in Resources */,
				D7E39C5C1F33B2EA00D006AE /* CorkResponse.json in Resources */,
				D7E39C8C1F33D06600D006AE /* Localizable.strings in Resources */,
				D79F485E1F58B30300E1CB12 /* GoogleService-Info.plist in Resources */,
			);
			runOnlyForDeploymentPostprocessing = 0;
		};
/* End PBXResourcesBuildPhase section */

/* Begin PBXShellScriptBuildPhase section */
		60FDFB8451D00568F513B7FA /* [CP] Check Pods Manifest.lock */ = {
			isa = PBXShellScriptBuildPhase;
			buildActionMask = 2147483647;
			files = (
			);
			inputPaths = (
			);
			name = "[CP] Check Pods Manifest.lock";
			outputPaths = (
			);
			runOnlyForDeploymentPostprocessing = 0;
			shellPath = /bin/sh;
			shellScript = "diff \"${PODS_PODFILE_DIR_PATH}/Podfile.lock\" \"${PODS_ROOT}/Manifest.lock\" > /dev/null\nif [ $? != 0 ] ; then\n    # print error to STDERR\n    echo \"error: The sandbox is not in sync with the Podfile.lock. Run 'pod install' or update your CocoaPods installation.\" >&2\n    exit 1\nfi\n";
			showEnvVarsInLog = 0;
		};
		E2BE45BA712449935D047A3D /* [CP] Copy Pods Resources */ = {
			isa = PBXShellScriptBuildPhase;
			buildActionMask = 2147483647;
			files = (
			);
			inputPaths = (
			);
			name = "[CP] Copy Pods Resources";
			outputPaths = (
			);
			runOnlyForDeploymentPostprocessing = 0;
			shellPath = /bin/sh;
			shellScript = "\"${SRCROOT}/Pods/Target Support Files/Pods-Cork Weather/Pods-Cork Weather-resources.sh\"\n";
			showEnvVarsInLog = 0;
		};
		F7E1536C6E4E4D9A3AD276AA /* [CP] Embed Pods Frameworks */ = {
			isa = PBXShellScriptBuildPhase;
			buildActionMask = 2147483647;
			files = (
			);
			inputPaths = (
			);
			name = "[CP] Embed Pods Frameworks";
			outputPaths = (
			);
			runOnlyForDeploymentPostprocessing = 0;
			shellPath = /bin/sh;
			shellScript = "\"${SRCROOT}/Pods/Target Support Files/Pods-Cork Weather/Pods-Cork Weather-frameworks.sh\"\n";
			showEnvVarsInLog = 0;
		};
/* End PBXShellScriptBuildPhase section */

/* Begin PBXSourcesBuildPhase section */
		D7E39C341F33B13400D006AE /* Sources */ = {
			isa = PBXSourcesBuildPhase;
			buildActionMask = 2147483647;
			files = (
				D7EACFC31F3C4AA5008C9BDE /* MapsProtocol.swift in Sources */,
				D7DF65721F5F4A20008109C7 /* WeatherLoadError.swift in Sources */,
				D74A40271F61DB50007DBCC1 /* LogLevel.swift in Sources */,
				D7E39C711F33BB5F00D006AE /* WeatherFetcher.swift in Sources */,
				D7E39C801F33C7C900D006AE /* WeatherPresenterProtocol.swift in Sources */,
				D709AAF81F61E4D800CD546B /* DefaultLogHandler.swift in Sources */,
				D7AEA79C1F5F3B86001CE3E4 /* WeatherCoordinate.swift in Sources */,
				D7E39C7C1F33BBE700D006AE /* WeatherPresenter.swift in Sources */,
				D7E39C621F33B3A400D006AE /* Weather.swift in Sources */,
				D7DF65701F5F49CD008109C7 /* Result.swift in Sources */,
				D7DF656F1F5F49CD008109C7 /* PickError.swift in Sources */,
				D74A40251F61DB3C007DBCC1 /* Log.swift in Sources */,
				D7EAD0011F3D093B008C9BDE /* GMSAddress+String.swift in Sources */,
				D7E39C721F33BB5F00D006AE /* WeatherFetcherProtocol.swift in Sources */,
				D7EACFFF1F3D02EF008C9BDE /* WeatherLocation.swift in Sources */,
				D7E39C7A1F33BBD400D006AE /* WeatherViewProtocol.swift in Sources */,
				D7EACFBD1F3BB023008C9BDE /* WeatherListCell.swift in Sources */,
				D7E39C901F34AF0A00D006AE /* WeatherUnits.swift in Sources */,
				D7DF656B1F5F4990008109C7 /* InitialiseLoadError.swift in Sources */,
				D7EACFC11F3C4A46008C9BDE /* MainViewController+GooglePlaces.swift in Sources */,
				D79F485A1F58A5F700E1CB12 /* Database.swift in Sources */,
				D7E39C571F33B2DD00D006AE /* AppDelegate.swift in Sources */,
				D709AAF61F61E49400CD546B /* LogHandler.swift in Sources */,
				D7E39C751F33BB5F00D006AE /* MainViewController.swift in Sources */,
				D709AAF41F61E43900CD546B /* LogLine.swift in Sources */,
				D7E39C7E1F33C29900D006AE /* WeatherJsonParser.swift in Sources */,
				D7E39C741F33BB5F00D006AE /* WeatherRemoteFetcher.swift in Sources */,
				D7E39C881F33CF0F00D006AE /* Strings.swift in Sources */,
				D7E39C731F33BB5F00D006AE /* WeatherLocalFetcher.swift in Sources */,
				D79F485C1F58A84C00E1CB12 /* DatabaseFirebase.swift in Sources */,
			);
			runOnlyForDeploymentPostprocessing = 0;
		};
/* End PBXSourcesBuildPhase section */

/* Begin PBXVariantGroup section */
		D7E39C3F1F33B13400D006AE /* Main.storyboard */ = {
			isa = PBXVariantGroup;
			children = (
				D7E39C401F33B13400D006AE /* Base */,
			);
			name = Main.storyboard;
			sourceTree = "<group>";
		};
		D7E39C441F33B13400D006AE /* LaunchScreen.storyboard */ = {
			isa = PBXVariantGroup;
			children = (
				D7E39C451F33B13400D006AE /* Base */,
			);
			name = LaunchScreen.storyboard;
			sourceTree = "<group>";
		};
		D7E39C8E1F33D06600D006AE /* Localizable.strings */ = {
			isa = PBXVariantGroup;
			children = (
				D7E39C8D1F33D06600D006AE /* en */,
			);
			name = Localizable.strings;
			path = Localisation;
			sourceTree = "<group>";
		};
/* End PBXVariantGroup section */

/* Begin XCBuildConfiguration section */
		D7E39C481F33B13400D006AE /* Debug */ = {
			isa = XCBuildConfiguration;
			buildSettings = {
				ALWAYS_SEARCH_USER_PATHS = NO;
				CLANG_ANALYZER_NONNULL = YES;
				CLANG_ANALYZER_NUMBER_OBJECT_CONVERSION = YES_AGGRESSIVE;
				CLANG_CXX_LANGUAGE_STANDARD = "gnu++0x";
				CLANG_CXX_LIBRARY = "libc++";
				CLANG_ENABLE_MODULES = YES;
				CLANG_ENABLE_OBJC_ARC = YES;
				CLANG_WARN_BOOL_CONVERSION = YES;
				CLANG_WARN_CONSTANT_CONVERSION = YES;
				CLANG_WARN_DIRECT_OBJC_ISA_USAGE = YES_ERROR;
				CLANG_WARN_DOCUMENTATION_COMMENTS = YES;
				CLANG_WARN_EMPTY_BODY = YES;
				CLANG_WARN_ENUM_CONVERSION = YES;
				CLANG_WARN_INFINITE_RECURSION = YES;
				CLANG_WARN_INT_CONVERSION = YES;
				CLANG_WARN_OBJC_ROOT_CLASS = YES_ERROR;
				CLANG_WARN_SUSPICIOUS_MOVE = YES;
				CLANG_WARN_UNREACHABLE_CODE = YES;
				CLANG_WARN__DUPLICATE_METHOD_MATCH = YES;
				"CODE_SIGN_IDENTITY[sdk=iphoneos*]" = "iPhone Developer";
				COPY_PHASE_STRIP = NO;
				DEBUG_INFORMATION_FORMAT = dwarf;
				ENABLE_STRICT_OBJC_MSGSEND = YES;
				ENABLE_TESTABILITY = YES;
				GCC_C_LANGUAGE_STANDARD = gnu99;
				GCC_DYNAMIC_NO_PIC = NO;
				GCC_NO_COMMON_BLOCKS = YES;
				GCC_OPTIMIZATION_LEVEL = 0;
				GCC_PREPROCESSOR_DEFINITIONS = (
					"DEBUG=1",
					"$(inherited)",
				);
				GCC_WARN_64_TO_32_BIT_CONVERSION = YES;
				GCC_WARN_ABOUT_RETURN_TYPE = YES_ERROR;
				GCC_WARN_UNDECLARED_SELECTOR = YES;
				GCC_WARN_UNINITIALIZED_AUTOS = YES_AGGRESSIVE;
				GCC_WARN_UNUSED_FUNCTION = YES;
				GCC_WARN_UNUSED_VARIABLE = YES;
				IPHONEOS_DEPLOYMENT_TARGET = 10.3;
				MTL_ENABLE_DEBUG_INFO = YES;
				ONLY_ACTIVE_ARCH = YES;
				SDKROOT = iphoneos;
				SWIFT_ACTIVE_COMPILATION_CONDITIONS = DEBUG;
				SWIFT_OPTIMIZATION_LEVEL = "-Onone";
				TARGETED_DEVICE_FAMILY = "1,2";
			};
			name = Debug;
		};
		D7E39C491F33B13400D006AE /* Release */ = {
			isa = XCBuildConfiguration;
			buildSettings = {
				ALWAYS_SEARCH_USER_PATHS = NO;
				CLANG_ANALYZER_NONNULL = YES;
				CLANG_ANALYZER_NUMBER_OBJECT_CONVERSION = YES_AGGRESSIVE;
				CLANG_CXX_LANGUAGE_STANDARD = "gnu++0x";
				CLANG_CXX_LIBRARY = "libc++";
				CLANG_ENABLE_MODULES = YES;
				CLANG_ENABLE_OBJC_ARC = YES;
				CLANG_WARN_BOOL_CONVERSION = YES;
				CLANG_WARN_CONSTANT_CONVERSION = YES;
				CLANG_WARN_DIRECT_OBJC_ISA_USAGE = YES_ERROR;
				CLANG_WARN_DOCUMENTATION_COMMENTS = YES;
				CLANG_WARN_EMPTY_BODY = YES;
				CLANG_WARN_ENUM_CONVERSION = YES;
				CLANG_WARN_INFINITE_RECURSION = YES;
				CLANG_WARN_INT_CONVERSION = YES;
				CLANG_WARN_OBJC_ROOT_CLASS = YES_ERROR;
				CLANG_WARN_SUSPICIOUS_MOVE = YES;
				CLANG_WARN_UNREACHABLE_CODE = YES;
				CLANG_WARN__DUPLICATE_METHOD_MATCH = YES;
				"CODE_SIGN_IDENTITY[sdk=iphoneos*]" = "iPhone Developer";
				COPY_PHASE_STRIP = NO;
				DEBUG_INFORMATION_FORMAT = "dwarf-with-dsym";
				ENABLE_NS_ASSERTIONS = NO;
				ENABLE_STRICT_OBJC_MSGSEND = YES;
				GCC_C_LANGUAGE_STANDARD = gnu99;
				GCC_NO_COMMON_BLOCKS = YES;
				GCC_WARN_64_TO_32_BIT_CONVERSION = YES;
				GCC_WARN_ABOUT_RETURN_TYPE = YES_ERROR;
				GCC_WARN_UNDECLARED_SELECTOR = YES;
				GCC_WARN_UNINITIALIZED_AUTOS = YES_AGGRESSIVE;
				GCC_WARN_UNUSED_FUNCTION = YES;
				GCC_WARN_UNUSED_VARIABLE = YES;
				IPHONEOS_DEPLOYMENT_TARGET = 10.3;
				MTL_ENABLE_DEBUG_INFO = NO;
				SDKROOT = iphoneos;
				SWIFT_OPTIMIZATION_LEVEL = "-Owholemodule";
				TARGETED_DEVICE_FAMILY = "1,2";
				VALIDATE_PRODUCT = YES;
			};
			name = Release;
		};
		D7E39C4B1F33B13400D006AE /* Debug */ = {
			isa = XCBuildConfiguration;
			baseConfigurationReference = 60ED2C758B4186B9D40930BA /* Pods-Cork Weather.debug.xcconfig */;
			buildSettings = {
				ASSETCATALOG_COMPILER_APPICON_NAME = AppIcon;
				DEVELOPMENT_TEAM = XFV7ZQHJ8V;
				INFOPLIST_FILE = "Cork Weather/Info.plist";
				IPHONEOS_DEPLOYMENT_TARGET = 10.0;
				LD_RUNPATH_SEARCH_PATHS = "$(inherited) @executable_path/Frameworks";
				PRODUCT_BUNDLE_IDENTIFIER = "com.eddielong.Cork-Weather";
				PRODUCT_NAME = "$(TARGET_NAME)";
				SWIFT_VERSION = 3.0;
			};
			name = Debug;
		};
		D7E39C4C1F33B13400D006AE /* Release */ = {
			isa = XCBuildConfiguration;
			baseConfigurationReference = 361EF9CBDFBCF3409D941095 /* Pods-Cork Weather.release.xcconfig */;
			buildSettings = {
				ASSETCATALOG_COMPILER_APPICON_NAME = AppIcon;
				DEVELOPMENT_TEAM = XFV7ZQHJ8V;
				INFOPLIST_FILE = "Cork Weather/Info.plist";
				IPHONEOS_DEPLOYMENT_TARGET = 10.0;
				LD_RUNPATH_SEARCH_PATHS = "$(inherited) @executable_path/Frameworks";
				PRODUCT_BUNDLE_IDENTIFIER = "com.eddielong.Cork-Weather";
				PRODUCT_NAME = "$(TARGET_NAME)";
				SWIFT_VERSION = 3.0;
			};
			name = Release;
		};
/* End XCBuildConfiguration section */

/* Begin XCConfigurationList section */
		D7E39C331F33B13400D006AE /* Build configuration list for PBXProject "Cork Weather" */ = {
			isa = XCConfigurationList;
			buildConfigurations = (
				D7E39C481F33B13400D006AE /* Debug */,
				D7E39C491F33B13400D006AE /* Release */,
			);
			defaultConfigurationIsVisible = 0;
			defaultConfigurationName = Release;
		};
		D7E39C4A1F33B13400D006AE /* Build configuration list for PBXNativeTarget "Cork Weather" */ = {
			isa = XCConfigurationList;
			buildConfigurations = (
				D7E39C4B1F33B13400D006AE /* Debug */,
				D7E39C4C1F33B13400D006AE /* Release */,
			);
			defaultConfigurationIsVisible = 0;
			defaultConfigurationName = Release;
		};
/* End XCConfigurationList section */
	};
	rootObject = D7E39C301F33B13400D006AE /* Project object */;
}
